<?xml version="1.0" encoding="utf-8"?>
<Project ToolsVersion="4.0" xmlns="http://schemas.microsoft.com/developer/msbuild/2003">
  <ItemGroup>
    <Filter Include="0 - Source Files">
      <UniqueIdentifier>{4FC737F1-C7A5-4376-A066-2A32D752A2FF}</UniqueIdentifier>
      <Extensions>cpp;c;cc;cxx;def;odl;idl;hpj;bat;asm;asmx</Extensions>
    </Filter>
    <Filter Include="Header Files">
      <UniqueIdentifier>{93995380-89BD-4b04-88EB-625FBE52EBFB}</UniqueIdentifier>
      <Extensions>h;hpp;hxx;hm;inl;inc;xsd</Extensions>
    </Filter>
    <Filter Include="Resource Files">
      <UniqueIdentifier>{67DA6AB6-F800-4c08-8B7A-83BB121AAD01}</UniqueIdentifier>
      <Extensions>rc;ico;cur;bmp;dlg;rc2;rct;bin;rgs;gif;jpg;jpeg;jpe;resx;tiff;tif;png;wav</Extensions>
    </Filter>
    <Filter Include="Far-Api">
      <UniqueIdentifier>{0432f73f-c35d-48de-8dcc-56d8e3d256a8}</UniqueIdentifier>
    </Filter>
  </ItemGroup>
  <ItemGroup>
    <ClCompile Include="..\common\Common.cpp">
      <Filter>0 - Source Files</Filter>
    </ClCompile>
    <ClCompile Include="..\common\ConEmuCheck.cpp">
      <Filter>0 - Source Files</Filter>
    </ClCompile>
    <ClCompile Include="ConEmuInjects.cpp">
      <Filter>0 - Source Files</Filter>
    </ClCompile>
    <ClCompile Include="ConEmuPlugin.cpp">
      <Filter>0 - Source Files</Filter>
    </ClCompile>
    <ClCompile Include="ConEmuPlugin1900.cpp">
      <Filter>0 - Source Files</Filter>
    </ClCompile>
    <ClCompile Include="ConEmuPlugin995.cpp">
      <Filter>0 - Source Files</Filter>
    </ClCompile>
    <ClCompile Include="ConEmuPluginA.cpp">
      <Filter>0 - Source Files</Filter>
    </ClCompile>
    <ClCompile Include="..\common\execute.cpp">
      <Filter>0 - Source Files</Filter>
    </ClCompile>
    <ClCompile Include="KeyEvents.cpp">
      <Filter>0 - Source Files</Filter>
    </ClCompile>
    <ClCompile Include="..\common\MAssert.cpp">
      <Filter>0 - Source Files</Filter>
    </ClCompile>
    <ClCompile Include="..\common\Memory.cpp">
      <Filter>0 - Source Files</Filter>
    </ClCompile>
    <ClCompile Include="..\common\MSecurity.cpp">
      <Filter>0 - Source Files</Filter>
    </ClCompile>
    <ClCompile Include="..\common\MStrSafe.cpp">
      <Filter>0 - Source Files</Filter>
    </ClCompile>
    <ClCompile Include="PluginBackground.cpp">
      <Filter>0 - Source Files</Filter>
    </ClCompile>
    <ClCompile Include="PluginSrv.cpp">
      <Filter>0 - Source Files</Filter>
    </ClCompile>
    <ClCompile Include="..\common\WObjects.cpp">
      <Filter>0 - Source Files</Filter>
    </ClCompile>
  </ItemGroup>
  <ItemGroup>
    <None Include="export.release.def">
      <Filter>0 - Source Files</Filter>
    </None>
  </ItemGroup>
  <ItemGroup>
    <ClInclude Include="..\common\common.hpp">
      <Filter>Header Files</Filter>
    </ClInclude>
    <ClInclude Include="ConEmu_Lang.h">
      <Filter>Header Files</Filter>
    </ClInclude>
    <ClInclude Include="..\common\ConEmuCheck.h">
      <Filter>Header Files</Filter>
    </ClInclude>
    <ClInclude Include="..\common\ConsoleAnnotation.h">
      <Filter>Header Files</Filter>
    </ClInclude>
    <ClInclude Include="..\common\defines.h">
      <Filter>Header Files</Filter>
    </ClInclude>
    <ClInclude Include="Dialogs.h">
      <Filter>Header Files</Filter>
    </ClInclude>
    <ClInclude Include="..\ConEmu\DragDrop.h">
      <Filter>Header Files</Filter>
    </ClInclude>
    <ClInclude Include="..\common\Memory.h">
      <Filter>Header Files</Filter>
    </ClInclude>
    <ClInclude Include="..\common\MSecurity.h">
      <Filter>Header Files</Filter>
    </ClInclude>
    <ClInclude Include="..\common\MStrSafe.h">
      <Filter>Header Files</Filter>
    </ClInclude>
    <ClInclude Include="PluginBackground.h">
      <Filter>Header Files</Filter>
    </ClInclude>
    <ClInclude Include="PluginHeader.h">
      <Filter>Header Files</Filter>
    </ClInclude>
    <ClInclude Include="PluginSrv.h">
      <Filter>Header Files</Filter>
    </ClInclude>
    <ClInclude Include="..\ConEmuHk\ConEmuHooks.h">
      <Filter>Header Files</Filter>
    </ClInclude>
    <ClInclude Include="..\common\WObjects.h">
      <Filter>Header Files</Filter>
    </ClInclude>
    <ClInclude Include="..\common\ConEmuColors.h">
      <Filter>Far-Api</Filter>
    </ClInclude>
    <ClInclude Include="..\common\ConEmuColors3.h">
      <Filter>Far-Api</Filter>
    </ClInclude>
    <ClInclude Include="..\common\plugin_helper.h">
      <Filter>Far-Api</Filter>
    </ClInclude>
    <ClInclude Include="..\common\pluginA.hpp">
      <Filter>Far-Api</Filter>
    </ClInclude>
    <ClInclude Include="..\common\pluginW1761.hpp">
      <Filter>Far-Api</Filter>
    </ClInclude>
    <ClInclude Include="..\common\pluginW1900.hpp">
      <Filter>Far-Api</Filter>
    </ClInclude>
    <ClInclude Include="..\ConEmu\version.h">
      <Filter>Header Files</Filter>
    </ClInclude>
  </ItemGroup>
  <ItemGroup>
    <ResourceCompile Include="ConEmu.rc">
      <Filter>Resource Files</Filter>
    </ResourceCompile>
  </ItemGroup>
  <ItemGroup>
    <CustomBuildStep Include="..\..\Release\plugins\ConEmu\ConEmuPlugin_en.lng">
      <Filter>Resource Files</Filter>
    </CustomBuildStep>
    <CustomBuildStep Include="..\..\Release\plugins\ConEmu\ConEmuPlugin_ru.lng">
      <Filter>Resource Files</Filter>
    </CustomBuildStep>
  </ItemGroup>
  <ItemGroup>
    <CustomBuild Include="Lang.templ" />
  </ItemGroup>
</Project>