
Microsoft Visual Studio Solution File, Format Version 12.00
# Visual Studio 16
Project("{8BC9CEB8-8B4A-11D0-8D11-00A0C91BC942}") = "Executor", "Executor.vcxproj", "{14CB9831-0098-F33C-29B1-E1E415DD28CB}"
EndProject
Global
	GlobalSection(SolutionConfigurationPlatforms) = preSolution
		Release|Win32 = Release|Win32
	EndGlobalSection
	GlobalSection(ProjectConfigurationPlatforms) = postSolution
		{14CB9831-0098-F33C-29B1-E1E415DD28CB}.Release|Win32.ActiveCfg = Release|Win32
		{14CB9831-0098-F33C-29B1-E1E415DD28CB}.Release|Win32.Build.0 = Release|Win32
	EndGlobalSection
	GlobalSection(SolutionProperties) = preSolution
		HideSolutionNode = FALSE
	EndGlobalSection
EndGlobal
