<?xml version="1.0" encoding="utf-8"?>
<Project ToolsVersion="4.0" xmlns="http://schemas.microsoft.com/developer/msbuild/2003">
  <ItemGroup>
    <Filter Include="0 -Source Files">
      <UniqueIdentifier>{4FC737F1-C7A5-4376-A066-2A32D752A2FF}</UniqueIdentifier>
      <Extensions>cpp;c;cc;cxx;def;odl;idl;hpj;bat;asm;asmx</Extensions>
    </Filter>
    <Filter Include="Header Files">
      <UniqueIdentifier>{93995380-89BD-4b04-88EB-625FBE52EBFB}</UniqueIdentifier>
      <Extensions>h;hpp;hxx;hm;inl;inc;xsd</Extensions>
    </Filter>
    <Filter Include="Resource Files">
      <UniqueIdentifier>{67DA6AB6-F800-4c08-8B7A-83BB121AAD01}</UniqueIdentifier>
      <Extensions>rc;ico;cur;bmp;dlg;rc2;rct;bin;rgs;gif;jpg;jpeg;jpe;resx;tiff;tif;png;wav</Extensions>
    </Filter>
  </ItemGroup>
  <ItemGroup>
    <ClCompile Include="ConEmuC.cpp">
      <Filter>0 -Source Files</Filter>
    </ClCompile>
    <ClCompile Include="..\common\MAssert.cpp">
      <Filter>0 -Source Files</Filter>
    </ClCompile>
    <ClCompile Include="..\common\MStrSafe.cpp">
      <Filter>0 -Source Files</Filter>
    </ClCompile>
    <ClCompile Include="..\common\CmdLine.cpp">
      <Filter>0 -Source Files</Filter>
    </ClCompile>
    <ClCompile Include="..\common\Memory.cpp">
      <Filter>0 -Source Files</Filter>
    </ClCompile>
    <ClCompile Include="..\common\MSectionSimple.cpp">
      <Filter>0 -Source Files</Filter>
    </ClCompile>
    <ClCompile Include="..\common\WObjects.cpp">
      <Filter>0 -Source Files</Filter>
    </ClCompile>
    <ClCompile Include="..\common\WThreads.cpp">
      <Filter>0 -Source Files</Filter>
    </ClCompile>
    <ClCompile Include="Downloader.cpp">
      <Filter>0 -Source Files</Filter>
    </ClCompile>
    <ClCompile Include="..\common\CEStr.cpp">
      <Filter>0 -Source Files</Filter>
    </ClCompile>
    <ClCompile Include="..\common\HkFunc.cpp">
      <Filter>0 -Source Files</Filter>
    </ClCompile>
    <ClCompile Include="..\common\MStrDup.cpp">
      <Filter>0 -Source Files</Filter>
    </ClCompile>
  </ItemGroup>
  <ItemGroup>
    <ClInclude Include="..\common\MStrSafe.h">
      <Filter>Header Files</Filter>
    </ClInclude>
    <ClInclude Include="resource.h">
      <Filter>Header Files</Filter>
    </ClInclude>
    <ClInclude Include="..\ConEmu\version.h">
      <Filter>Header Files</Filter>
    </ClInclude>
    <ClInclude Include="..\common\CmdLine.h">
      <Filter>Header Files</Filter>
    </ClInclude>
    <ClInclude Include="..\common\Memory.h">
      <Filter>Header Files</Filter>
    </ClInclude>
    <ClInclude Include="..\common\MSectionSimple.h">
      <Filter>Header Files</Filter>
    </ClInclude>
    <ClInclude Include="..\common\WObjects.h">
      <Filter>Header Files</Filter>
    </ClInclude>
    <ClInclude Include="..\common\WThreads.h">
      <Filter>Header Files</Filter>
    </ClInclude>
    <ClInclude Include="..\ConEmuCD\ExitCodes.h">
      <Filter>Header Files</Filter>
    </ClInclude>
    <ClInclude Include="Downloader.h">
      <Filter>Header Files</Filter>
    </ClInclude>
    <ClInclude Include="..\common\CEStr.h">
      <Filter>Header Files</Filter>
    </ClInclude>
    <ClInclude Include="..\common\HkFunc.h">
      <Filter>Header Files</Filter>
    </ClInclude>
    <ClInclude Include="..\common\kl_parts.h">
      <Filter>Header Files</Filter>
    </ClInclude>
    <ClInclude Include="..\common\MStrDup.h">
      <Filter>Header Files</Filter>
    </ClInclude>
  </ItemGroup>
  <ItemGroup>
    <None Include="..\ConEmu\ConEmu.ico">
      <Filter>Resource Files</Filter>
    </None>
  </ItemGroup>
  <ItemGroup>
    <ResourceCompile Include="ConEmuC.rc">
      <Filter>Resource Files</Filter>
    </ResourceCompile>
  </ItemGroup>
</Project>