
Microsoft Visual Studio Solution File, Format Version 10.00
# Visual Studio 2008
Project("{8BC9CEB8-8B4A-11D0-8D11-00A0C91BC942}") = "pe", "pe.vcproj", "{D179531C-0F06-473A-A301-7FE8976046EC}"
EndProject
Global
	GlobalSection(DPCodeReviewSolutionGUID) = preSolution
		DPCodeReviewSolutionGUID = {00000000-0000-0000-0000-000000000000}
	EndGlobalSection
	GlobalSection(SolutionConfigurationPlatforms) = preSolution
		Debug_C|Win32 = Debug_C|Win32
		Debug_C|x64 = Debug_C|x64
		Debug_C0|Win32 = Debug_C0|Win32
		Debug_C0|x64 = Debug_C0|x64
		Debug_E|Win32 = Debug_E|Win32
		Debug_E|x64 = Debug_E|x64
		Release_C0|Win32 = Release_C0|Win32
		Release_C0|x64 = Release_C0|x64
		Release|Win32 = Release|Win32
		Release|x64 = Release|x64
	EndGlobalSection
	GlobalSection(ProjectConfigurationPlatforms) = postSolution
		{D179531C-0F06-473A-A301-7FE8976046EC}.Debug_C|Win32.ActiveCfg = Debug_C0|x64
		{D179531C-0F06-473A-A301-7FE8976046EC}.Debug_C|x64.ActiveCfg = Debug_C0|x64
		{D179531C-0F06-473A-A301-7FE8976046EC}.Debug_C|x64.Build.0 = Debug_C0|x64
		{D179531C-0F06-473A-A301-7FE8976046EC}.Debug_C0|Win32.ActiveCfg = Debug_C0|Win32
		{D179531C-0F06-473A-A301-7FE8976046EC}.Debug_C0|Win32.Build.0 = Debug_C0|Win32
		{D179531C-0F06-473A-A301-7FE8976046EC}.Debug_C0|x64.ActiveCfg = Debug_C0|x64
		{D179531C-0F06-473A-A301-7FE8976046EC}.Debug_C0|x64.Build.0 = Debug_C0|x64
		{D179531C-0F06-473A-A301-7FE8976046EC}.Debug_E|Win32.ActiveCfg = Debug_E|Win32
		{D179531C-0F06-473A-A301-7FE8976046EC}.Debug_E|Win32.Build.0 = Debug_E|Win32
		{D179531C-0F06-473A-A301-7FE8976046EC}.Debug_E|x64.ActiveCfg = Debug_E|x64
		{D179531C-0F06-473A-A301-7FE8976046EC}.Debug_E|x64.Build.0 = Debug_E|x64
		{D179531C-0F06-473A-A301-7FE8976046EC}.Release_C0|Win32.ActiveCfg = Release_C0|Win32
		{D179531C-0F06-473A-A301-7FE8976046EC}.Release_C0|Win32.Build.0 = Release_C0|Win32
		{D179531C-0F06-473A-A301-7FE8976046EC}.Release_C0|x64.ActiveCfg = Release_C0|x64
		{D179531C-0F06-473A-A301-7FE8976046EC}.Release_C0|x64.Build.0 = Release_C0|x64
		{D179531C-0F06-473A-A301-7FE8976046EC}.Release|Win32.ActiveCfg = Release|Win32
		{D179531C-0F06-473A-A301-7FE8976046EC}.Release|Win32.Build.0 = Release|Win32
		{D179531C-0F06-473A-A301-7FE8976046EC}.Release|x64.ActiveCfg = Release|x64
		{D179531C-0F06-473A-A301-7FE8976046EC}.Release|x64.Build.0 = Release|x64
	EndGlobalSection
	GlobalSection(SolutionProperties) = preSolution
		HideSolutionNode = FALSE
	EndGlobalSection
EndGlobal
