<?xml version="1.0" encoding="utf-8"?>
<Project ToolsVersion="4.0" xmlns="http://schemas.microsoft.com/developer/msbuild/2003">
  <ItemGroup>
    <Filter Include="Header Files">
      <UniqueIdentifier>{93995380-89BD-4b04-88EB-625FBE52EBFB}</UniqueIdentifier>
      <Extensions>h;hpp;hxx;hm;inl;inc;xsd</Extensions>
    </Filter>
    <Filter Include="Resource Files">
      <UniqueIdentifier>{67DA6AB6-F800-4c08-8B7A-83BB121AAD01}</UniqueIdentifier>
      <Extensions>rc;ico;cur;bmp;dlg;rc2;rct;bin;rgs;gif;jpg;jpeg;jpe;resx;tiff;tif;png;wav</Extensions>
    </Filter>
    <Filter Include="0 - Source Files">
      <UniqueIdentifier>{4FC737F1-C7A5-4376-A066-2A32D752A2FF}</UniqueIdentifier>
      <Extensions>cpp;c;cc;cxx;def;odl;idl;hpj;bat;asm;asmx</Extensions>
    </Filter>
    <Filter Include="1 - Registry">
      <UniqueIdentifier>{b18bc7e0-1bfc-4e57-95be-5b0b36536129}</UniqueIdentifier>
    </Filter>
  </ItemGroup>
  <ItemGroup>
    <ClInclude Include="..\common\common.hpp">
      <Filter>Header Files</Filter>
    </ClInclude>
    <ClInclude Include="ConEmuSrv.h">
      <Filter>Header Files</Filter>
    </ClInclude>
    <ClInclude Include="..\common\ConEmuCheck.h">
      <Filter>Header Files</Filter>
    </ClInclude>
    <ClInclude Include="..\common\defines.h">
      <Filter>Header Files</Filter>
    </ClInclude>
    <ClInclude Include="..\common\Execute.h">
      <Filter>Header Files</Filter>
    </ClInclude>
    <ClInclude Include="ExitCodes.h">
      <Filter>Header Files</Filter>
    </ClInclude>
    <ClInclude Include="..\ConEmuHk\Injects.h">
      <Filter>Header Files</Filter>
    </ClInclude>
    <ClInclude Include="..\common\Memory.h">
      <Filter>Header Files</Filter>
    </ClInclude>
    <ClInclude Include="..\common\MSecurity.h">
      <Filter>Header Files</Filter>
    </ClInclude>
    <ClInclude Include="..\common\MStrSafe.h">
      <Filter>Header Files</Filter>
    </ClInclude>
    <ClInclude Include="..\common\PipeServer.h">
      <Filter>Header Files</Filter>
    </ClInclude>
    <ClInclude Include="Queue.h">
      <Filter>Header Files</Filter>
    </ClInclude>
    <ClInclude Include="..\common\RConStartArgs.h">
      <Filter>Header Files</Filter>
    </ClInclude>
    <ClInclude Include="resource.h">
      <Filter>Header Files</Filter>
    </ClInclude>
    <ClInclude Include="..\common\WObjects.h">
      <Filter>Header Files</Filter>
    </ClInclude>
    <ClInclude Include="GuiHooks.h">
      <Filter>Header Files</Filter>
    </ClInclude>
    <ClInclude Include="..\common\InQueue.h">
      <Filter>Header Files</Filter>
    </ClInclude>
    <ClInclude Include="..\common\ConsoleRead.h">
      <Filter>Header Files</Filter>
    </ClInclude>
    <ClInclude Include="Debugger.h">
      <Filter>Header Files</Filter>
    </ClInclude>
    <ClInclude Include="..\common\Monitors.h">
      <Filter>Header Files</Filter>
    </ClInclude>
    <ClInclude Include="..\common\WConsole.h">
      <Filter>Header Files</Filter>
    </ClInclude>
    <ClInclude Include="..\common\MArray.h">
      <Filter>Header Files</Filter>
    </ClInclude>
    <ClInclude Include="..\common\MMap.h">
      <Filter>Header Files</Filter>
    </ClInclude>
    <ClInclude Include="..\common\StartupEnv.h">
      <Filter>Header Files</Filter>
    </ClInclude>
    <ClInclude Include="..\common\CmdLine.h">
      <Filter>Header Files</Filter>
    </ClInclude>
    <ClInclude Include="..\common\ExecPty.h">
      <Filter>Header Files</Filter>
    </ClInclude>
    <ClInclude Include="..\common\SetEnvVar.h">
      <Filter>Header Files</Filter>
    </ClInclude>
  </ItemGroup>
  <ItemGroup>
    <ResourceCompile Include="ConEmuCD.rc">
      <Filter>Resource Files</Filter>
    </ResourceCompile>
  </ItemGroup>
  <ItemGroup>
    <ClCompile Include="..\common\Common.cpp">
      <Filter>0 - Source Files</Filter>
    </ClCompile>
    <ClCompile Include="..\common\ConEmuCheck.cpp">
      <Filter>0 - Source Files</Filter>
    </ClCompile>
    <ClCompile Include="ConEmuCmd.cpp">
      <Filter>0 - Source Files</Filter>
    </ClCompile>
    <ClCompile Include="ConEmuSrv.cpp">
      <Filter>0 - Source Files</Filter>
    </ClCompile>
    <ClCompile Include="ConsoleMain.cpp">
      <Filter>0 - Source Files</Filter>
    </ClCompile>
    <ClCompile Include="..\common\Execute.cpp">
      <Filter>0 - Source Files</Filter>
    </ClCompile>
    <ClCompile Include="GuiHooks.cpp">
      <Filter>0 - Source Files</Filter>
    </ClCompile>
    <ClCompile Include="Infiltrate.cpp">
      <Filter>0 - Source Files</Filter>
    </ClCompile>
    <ClCompile Include="InjectRemote.cpp">
      <Filter>0 - Source Files</Filter>
    </ClCompile>
    <ClCompile Include="..\ConEmuHk\Injects.cpp">
      <Filter>0 - Source Files</Filter>
    </ClCompile>
    <ClCompile Include="..\common\MAssert.cpp">
      <Filter>0 - Source Files</Filter>
    </ClCompile>
    <ClCompile Include="..\common\Memory.cpp">
      <Filter>0 - Source Files</Filter>
    </ClCompile>
    <ClCompile Include="..\common\MSecurity.cpp">
      <Filter>0 - Source Files</Filter>
    </ClCompile>
    <ClCompile Include="..\common\MStrSafe.cpp">
      <Filter>0 - Source Files</Filter>
    </ClCompile>
    <ClCompile Include="Queue.cpp">
      <Filter>0 - Source Files</Filter>
    </ClCompile>
    <ClCompile Include="..\common\RConStartArgs.cpp">
      <Filter>0 - Source Files</Filter>
    </ClCompile>
    <ClCompile Include="SrvPipes.cpp">
      <Filter>0 - Source Files</Filter>
    </ClCompile>
    <ClCompile Include="..\common\WObjects.cpp">
      <Filter>0 - Source Files</Filter>
    </ClCompile>
    <ClCompile Include="..\common\InQueue.cpp">
      <Filter>0 - Source Files</Filter>
    </ClCompile>
    <ClCompile Include="..\common\ConsoleRead.cpp">
      <Filter>0 - Source Files</Filter>
    </ClCompile>
    <ClCompile Include="Debugger.cpp">
      <Filter>0 - Source Files</Filter>
    </ClCompile>
    <ClCompile Include="..\common\Monitors.cpp">
      <Filter>0 - Source Files</Filter>
    </ClCompile>
    <ClCompile Include="..\common\WConsole.cpp">
      <Filter>0 - Source Files</Filter>
    </ClCompile>
    <ClCompile Include="..\common\CmdLine.cpp">
      <Filter>0 - Source Files</Filter>
    </ClCompile>
    <ClCompile Include="..\common\ExecPty.cpp">
      <Filter>0 - Source Files</Filter>
    </ClCompile>
    <ClCompile Include="..\common\SetEnvVar.cpp">
      <Filter>0 - Source Files</Filter>
    </ClCompile>
  </ItemGroup>
  <ItemGroup>
    <None Include="export.def">
      <Filter>0 - Source Files</Filter>
    </None>
    <None Include="!Todo.txt" />
  </ItemGroup>
</Project>