<?xml version="1.0" encoding="utf-8"?>
<Project ToolsVersion="4.0" xmlns="http://schemas.microsoft.com/developer/msbuild/2003">
  <ItemGroup>
    <Filter Include="Resource Files">
      <UniqueIdentifier>{67DA6AB6-F800-4c08-8B7A-83BB121AAD01}</UniqueIdentifier>
      <Extensions>rc;ico;cur;bmp;dlg;rc2;rct;bin;rgs;gif;jpg;jpeg;jpe;resx;tiff;tif;png;wav</Extensions>
    </Filter>
    <Filter Include="SettingPages">
      <UniqueIdentifier>{04d59c4b-17b0-4ef6-800e-4464cd109775}</UniqueIdentifier>
    </Filter>
    <Filter Include="Updater">
      <UniqueIdentifier>{9fbffb58-c34b-4255-ac11-8038925b085b}</UniqueIdentifier>
    </Filter>
    <Filter Include="Settings">
      <UniqueIdentifier>{6d03b29b-77fb-4bcf-b238-19af1ee12977}</UniqueIdentifier>
    </Filter>
    <Filter Include="Localization">
      <UniqueIdentifier>{dfdd67c3-8daa-45c6-a3d3-cd80d2b9aab4}</UniqueIdentifier>
    </Filter>
    <Filter Include="Helpers">
      <UniqueIdentifier>{c1a8fde6-8de3-4f26-8394-b7695b0a1fb4}</UniqueIdentifier>
    </Filter>
    <Filter Include="UIControls">
      <UniqueIdentifier>{08b7bfa2-1781-4e1b-ae93-9b26e2c2c596}</UniqueIdentifier>
    </Filter>
    <Filter Include="UIServices">
      <UniqueIdentifier>{bbd56eee-b5dc-48dd-8a45-5423895257d1}</UniqueIdentifier>
    </Filter>
    <Filter Include="Texts">
      <UniqueIdentifier>{89255e3b-b6a8-47c5-bea7-2c98bc5108b9}</UniqueIdentifier>
    </Filter>
    <Filter Include="About">
      <UniqueIdentifier>{9212ad2d-2568-412f-9bf9-3b3002ba23be}</UniqueIdentifier>
    </Filter>
    <Filter Include="Input">
      <UniqueIdentifier>{a8933729-8a31-4ee3-a6f9-ca50ee517b8b}</UniqueIdentifier>
    </Filter>
    <Filter Include="Macro">
      <UniqueIdentifier>{94e2a792-bf12-4559-8a94-68b4b0e36928}</UniqueIdentifier>
    </Filter>
    <Filter Include="ConsoleData">
      <UniqueIdentifier>{f9408159-93c6-4b94-bba7-02873edc4663}</UniqueIdentifier>
    </Filter>
    <Filter Include="Communications">
      <UniqueIdentifier>{7ba5f2b0-ba5a-4f06-a66c-c25893a917f9}</UniqueIdentifier>
    </Filter>
    <Filter Include="Processes">
      <UniqueIdentifier>{e3625eb9-e9a5-4acd-af43-2fddb5f71f64}</UniqueIdentifier>
    </Filter>
    <Filter Include="Main">
      <UniqueIdentifier>{4FC737F1-C7A5-4376-A066-2A32D752A2FF}</UniqueIdentifier>
      <Extensions>cpp;c;cc;cxx;def;odl;idl;hpj;bat;asm;asmx</Extensions>
    </Filter>
  </ItemGroup>
  <ItemGroup>
    <ClCompile Include="ConEmu.cpp">
      <Filter>Main</Filter>
    </ClCompile>
    <ClCompile Include="ConEmuApp.cpp">
      <Filter>Main</Filter>
    </ClCompile>
    <ClCompile Include="FrameHolder.cpp">
      <Filter>Main</Filter>
    </ClCompile>
    <ClCompile Include="VConChild.cpp">
      <Filter>Main</Filter>
    </ClCompile>
    <ClCompile Include="VConRelease.cpp">
      <Filter>Main</Filter>
    </ClCompile>
    <ClCompile Include="VirtualConsole.cpp">
      <Filter>Main</Filter>
    </ClCompile>
    <ClCompile Include="VConGroup.cpp">
      <Filter>Main</Filter>
    </ClCompile>
    <ClCompile Include="Inside.cpp">
      <Filter>Main</Filter>
    </ClCompile>
    <ClCompile Include="ConEmuSize.cpp">
      <Filter>Main</Filter>
    </ClCompile>
    <ClCompile Include="ConEmuStart.cpp">
      <Filter>Main</Filter>
    </ClCompile>
    <ClCompile Include="SetPgAppear.cpp">
      <Filter>SettingPages</Filter>
    </ClCompile>
    <ClCompile Include="SetPgApps.cpp">
      <Filter>SettingPages</Filter>
    </ClCompile>
    <ClCompile Include="SetPgBackgr.cpp">
      <Filter>SettingPages</Filter>
    </ClCompile>
    <ClCompile Include="SetPgBase.cpp">
      <Filter>SettingPages</Filter>
    </ClCompile>
    <ClCompile Include="SetPgColors.cpp">
      <Filter>SettingPages</Filter>
    </ClCompile>
    <ClCompile Include="SetPgComspec.cpp">
      <Filter>SettingPages</Filter>
    </ClCompile>
    <ClCompile Include="SetPgConfirm.cpp">
      <Filter>SettingPages</Filter>
    </ClCompile>
    <ClCompile Include="SetPgCursor.cpp">
      <Filter>SettingPages</Filter>
    </ClCompile>
    <ClCompile Include="SetPgDebug.cpp">
      <Filter>SettingPages</Filter>
    </ClCompile>
    <ClCompile Include="SetPgDefTerm.cpp">
      <Filter>SettingPages</Filter>
    </ClCompile>
    <ClCompile Include="SetPgEnvironment.cpp">
      <Filter>SettingPages</Filter>
    </ClCompile>
    <ClCompile Include="SetPgFar.cpp">
      <Filter>SettingPages</Filter>
    </ClCompile>
    <ClCompile Include="SetPgFarMacro.cpp">
      <Filter>SettingPages</Filter>
    </ClCompile>
    <ClCompile Include="SetPgFeatures.cpp">
      <Filter>SettingPages</Filter>
    </ClCompile>
    <ClCompile Include="SetPgFonts.cpp">
      <Filter>SettingPages</Filter>
    </ClCompile>
    <ClCompile Include="SetPgHilight.cpp">
      <Filter>SettingPages</Filter>
    </ClCompile>
    <ClCompile Include="SetPgInfo.cpp">
      <Filter>SettingPages</Filter>
    </ClCompile>
    <ClCompile Include="SetPgIntegr.cpp">
      <Filter>SettingPages</Filter>
    </ClCompile>
    <ClCompile Include="SetPgKeys.cpp">
      <Filter>SettingPages</Filter>
    </ClCompile>
    <ClCompile Include="SetPgMarkCopy.cpp">
      <Filter>SettingPages</Filter>
    </ClCompile>
    <ClCompile Include="SetPgPaste.cpp">
      <Filter>SettingPages</Filter>
    </ClCompile>
    <ClCompile Include="SetPgSizePos.cpp">
      <Filter>SettingPages</Filter>
    </ClCompile>
    <ClCompile Include="SetPgStartup.cpp">
      <Filter>SettingPages</Filter>
    </ClCompile>
    <ClCompile Include="SetPgStatus.cpp">
      <Filter>SettingPages</Filter>
    </ClCompile>
    <ClCompile Include="SetPgTabs.cpp">
      <Filter>SettingPages</Filter>
    </ClCompile>
    <ClCompile Include="SetPgTaskbar.cpp">
      <Filter>SettingPages</Filter>
    </ClCompile>
    <ClCompile Include="SetPgTasks.cpp">
      <Filter>SettingPages</Filter>
    </ClCompile>
    <ClCompile Include="SetPgTransparent.cpp">
      <Filter>SettingPages</Filter>
    </ClCompile>
    <ClCompile Include="SetPgUpdate.cpp">
      <Filter>SettingPages</Filter>
    </ClCompile>
    <ClCompile Include="SetPgViews.cpp">
      <Filter>SettingPages</Filter>
    </ClCompile>
    <ClCompile Include="SetPgChildGui.cpp">
      <Filter>SettingPages</Filter>
    </ClCompile>
    <ClCompile Include="SetPgKeyboard.cpp">
      <Filter>SettingPages</Filter>
    </ClCompile>
    <ClCompile Include="SetPgMouse.cpp">
      <Filter>SettingPages</Filter>
    </ClCompile>
    <ClCompile Include="SetPgQuake.cpp">
      <Filter>SettingPages</Filter>
    </ClCompile>
    <ClCompile Include="Update.cpp">
      <Filter>Updater</Filter>
    </ClCompile>
    <ClCompile Include="UpdateSet.cpp">
      <Filter>Updater</Filter>
    </ClCompile>
    <ClCompile Include="Options.cpp">
      <Filter>Settings</Filter>
    </ClCompile>
    <ClCompile Include="OptionsClass.cpp">
      <Filter>Settings</Filter>
    </ClCompile>
    <ClCompile Include="OptionsFast.cpp">
      <Filter>Settings</Filter>
    </ClCompile>
    <ClCompile Include="OptionsHelp.cpp">
      <Filter>Settings</Filter>
    </ClCompile>
    <ClCompile Include="Hotkeys.cpp">
      <Filter>Settings</Filter>
    </ClCompile>
    <ClCompile Include="HotkeyList.cpp">
      <Filter>Settings</Filter>
    </ClCompile>
    <ClCompile Include="HotkeyDlg.cpp">
      <Filter>Settings</Filter>
    </ClCompile>
    <ClCompile Include="HotkeyChord.cpp">
      <Filter>Settings</Filter>
    </ClCompile>
    <ClCompile Include="SetAppSettings.cpp">
      <Filter>SettingPages</Filter>
    </ClCompile>
    <ClCompile Include="SetCmdTask.cpp">
      <Filter>SettingPages</Filter>
    </ClCompile>
    <ClCompile Include="SetColorPalette.cpp">
      <Filter>SettingPages</Filter>
    </ClCompile>
    <ClCompile Include="SetDlgButtons.cpp">
      <Filter>SettingPages</Filter>
    </ClCompile>
    <ClCompile Include="SetDlgColors.cpp">
      <Filter>SettingPages</Filter>
    </ClCompile>
    <ClCompile Include="SetDlgFonts.cpp">
      <Filter>SettingPages</Filter>
    </ClCompile>
    <ClCompile Include="SetDlgLists.cpp">
      <Filter>SettingPages</Filter>
    </ClCompile>
    <ClCompile Include="..\common\SetEnvVar.cpp">
      <Filter>SettingPages</Filter>
    </ClCompile>
    <ClCompile Include="SetPgANSI.cpp">
      <Filter>SettingPages</Filter>
    </ClCompile>
    <ClCompile Include="SearchCtrl.cpp">
      <Filter>UIControls</Filter>
    </ClCompile>
    <ClCompile Include="Status.cpp">
      <Filter>UIControls</Filter>
    </ClCompile>
    <ClCompile Include="TabBar.cpp">
      <Filter>UIControls</Filter>
    </ClCompile>
    <ClCompile Include="TabCtrlBase.cpp">
      <Filter>UIControls</Filter>
    </ClCompile>
    <ClCompile Include="TabCtrlWin.cpp">
      <Filter>UIControls</Filter>
    </ClCompile>
    <ClCompile Include="TrayIcon.cpp">
      <Filter>UIServices</Filter>
    </ClCompile>
    <ClCompile Include="TaskBarGhost.cpp">
      <Filter>UIServices</Filter>
    </ClCompile>
    <ClCompile Include="TaskBar.cpp">
      <Filter>UIServices</Filter>
    </ClCompile>
    <ClCompile Include="TabID.cpp">
      <Filter>UIServices</Filter>
    </ClCompile>
    <ClCompile Include="..\common\WUser.cpp">
      <Filter>Helpers</Filter>
    </ClCompile>
    <ClCompile Include="..\common\WThreads.cpp">
      <Filter>Helpers</Filter>
    </ClCompile>
    <ClCompile Include="..\common\WSession.cpp">
      <Filter>Helpers</Filter>
    </ClCompile>
    <ClCompile Include="..\common\WRegistry.cpp">
      <Filter>Helpers</Filter>
    </ClCompile>
    <ClCompile Include="..\common\WObjects.cpp">
      <Filter>Helpers</Filter>
    </ClCompile>
    <ClCompile Include="WinObjBase.cpp">
      <Filter>Helpers</Filter>
    </ClCompile>
    <ClCompile Include="..\common\WFiles.cpp">
      <Filter>Helpers</Filter>
    </ClCompile>
    <ClCompile Include="LngData.cpp">
      <Filter>Localization</Filter>
    </ClCompile>
    <ClCompile Include="LngRc.cpp">
      <Filter>Localization</Filter>
    </ClCompile>
    <ClCompile Include="..\common\wcwidth.cpp">
      <Filter>Texts</Filter>
    </ClCompile>
    <ClCompile Include="..\common\wcchars.cpp">
      <Filter>Texts</Filter>
    </ClCompile>
    <ClCompile Include="..\common\RgnDetect.cpp">
      <Filter>Texts</Filter>
    </ClCompile>
    <ClCompile Include="AboutDlg.cpp">
      <Filter>About</Filter>
    </ClCompile>
    <ClCompile Include="PushInfo.cpp">
      <Filter>About</Filter>
    </ClCompile>
    <ClCompile Include="Registry.cpp">
      <Filter>Settings</Filter>
    </ClCompile>
    <ClCompile Include="..\common\WConsoleInfo.cpp">
      <Filter>Helpers</Filter>
    </ClCompile>
    <ClCompile Include="TaskScheduler.cpp">
      <Filter>Helpers</Filter>
    </ClCompile>
    <ClCompile Include="AltNumpad.cpp">
      <Filter>Input</Filter>
    </ClCompile>
    <ClCompile Include="Match.cpp">
      <Filter>Texts</Filter>
    </ClCompile>
    <ClCompile Include="VConText.cpp">
      <Filter>Texts</Filter>
    </ClCompile>
    <ClCompile Include="Attach.cpp">
      <Filter>Processes</Filter>
    </ClCompile>
    <ClCompile Include="Recreate.cpp">
      <Filter>Processes</Filter>
    </ClCompile>
    <ClCompile Include="..\common\MGuiMacro.cpp">
      <Filter>Macro</Filter>
    </ClCompile>
    <ClCompile Include="Macro.cpp">
      <Filter>Macro</Filter>
    </ClCompile>
    <ClCompile Include="TermX.cpp">
      <Filter>Input</Filter>
    </ClCompile>
    <ClCompile Include="..\common\MAssert.cpp">
      <Filter>Helpers</Filter>
    </ClCompile>
    <ClCompile Include="..\common\MBSTR.cpp">
      <Filter>Helpers</Filter>
    </ClCompile>
    <ClCompile Include="..\common\md5.cpp">
      <Filter>Helpers</Filter>
    </ClCompile>
    <ClCompile Include="..\common\Memory.cpp">
      <Filter>Helpers</Filter>
    </ClCompile>
    <ClCompile Include="..\common\MEvent.cpp">
      <Filter>Helpers</Filter>
    </ClCompile>
    <ClCompile Include="..\common\MFileLog.cpp">
      <Filter>Helpers</Filter>
    </ClCompile>
    <ClCompile Include="..\common\MGlobal.cpp">
      <Filter>Helpers</Filter>
    </ClCompile>
    <ClCompile Include="..\common\MJsonReader.cpp">
      <Filter>Helpers</Filter>
    </ClCompile>
    <ClCompile Include="..\common\MModule.cpp">
      <Filter>Helpers</Filter>
    </ClCompile>
    <ClCompile Include="..\common\MProcess.cpp">
      <Filter>Helpers</Filter>
    </ClCompile>
    <ClCompile Include="..\common\MProcessBits.cpp">
      <Filter>Helpers</Filter>
    </ClCompile>
    <ClCompile Include="..\common\MRect.cpp">
      <Filter>Helpers</Filter>
    </ClCompile>
    <ClCompile Include="..\common\MSectionSimple.cpp">
      <Filter>Helpers</Filter>
    </ClCompile>
    <ClCompile Include="..\common\MSection.cpp">
      <Filter>Helpers</Filter>
    </ClCompile>
    <ClCompile Include="..\common\MSecurity.cpp">
      <Filter>Helpers</Filter>
    </ClCompile>
    <ClCompile Include="..\common\MSetter.cpp">
      <Filter>Helpers</Filter>
    </ClCompile>
    <ClCompile Include="..\common\MTimer.cpp">
      <Filter>Helpers</Filter>
    </ClCompile>
    <ClCompile Include="MyClipboard.cpp">
      <Filter>Helpers</Filter>
    </ClCompile>
    <ClCompile Include="..\common\MStrDup.cpp">
      <Filter>Texts</Filter>
    </ClCompile>
    <ClCompile Include="..\common\MStrEsc.cpp">
      <Filter>Texts</Filter>
    </ClCompile>
    <ClCompile Include="..\common\MStrSafe.cpp">
      <Filter>Texts</Filter>
    </ClCompile>
    <ClCompile Include="GestureEngine.cpp">
      <Filter>Input</Filter>
    </ClCompile>
    <ClCompile Include="RunQueue.cpp">
      <Filter>Processes</Filter>
    </ClCompile>
    <ClCompile Include="RealServer.cpp">
      <Filter>Communications</Filter>
    </ClCompile>
    <ClCompile Include="GuiServer.cpp">
      <Filter>Communications</Filter>
    </ClCompile>
    <ClCompile Include="FindDlg.cpp">
      <Filter>UIControls</Filter>
    </ClCompile>
    <ClCompile Include="FindPanel.cpp">
      <Filter>UIControls</Filter>
    </ClCompile>
    <ClCompile Include="CmdHistory.cpp">
      <Filter>Settings</Filter>
    </ClCompile>
    <ClCompile Include="RealBuffer.cpp">
      <Filter>ConsoleData</Filter>
    </ClCompile>
    <ClCompile Include="RealConsole.cpp">
      <Filter>ConsoleData</Filter>
    </ClCompile>
    <ClCompile Include="RConData.cpp">
      <Filter>ConsoleData</Filter>
    </ClCompile>
    <ClCompile Include="RConFiles.cpp">
      <Filter>ConsoleData</Filter>
    </ClCompile>
    <ClCompile Include="RConPalette.cpp">
      <Filter>ConsoleData</Filter>
    </ClCompile>
    <ClCompile Include="..\common\MToolTip.cpp">
      <Filter>UIControls</Filter>
    </ClCompile>
    <ClCompile Include="ToolImg.cpp">
      <Filter>UIServices</Filter>
    </ClCompile>
    <ClCompile Include="ImgButton.cpp">
      <Filter>UIServices</Filter>
    </ClCompile>
    <ClCompile Include="LoadImg.cpp">
      <Filter>UIServices</Filter>
    </ClCompile>
    <ClCompile Include="IconList.cpp">
      <Filter>UIServices</Filter>
    </ClCompile>
    <ClCompile Include="ScreenDump.cpp">
      <Filter>UIServices</Filter>
    </ClCompile>
    <ClCompile Include="..\common\RConStartArgs.cpp">
      <Filter>ConsoleData</Filter>
    </ClCompile>
    <ClCompile Include="BaseDragDrops.cpp">
      <Filter>UIServices</Filter>
    </ClCompile>
    <ClCompile Include="DragDrop.cpp">
      <Filter>UIServices</Filter>
    </ClCompile>
    <ClCompile Include="DragDropData.cpp">
      <Filter>UIServices</Filter>
    </ClCompile>
    <ClCompile Include="..\common\CEStr.cpp">
      <Filter>Texts</Filter>
    </ClCompile>
    <ClCompile Include="Background.cpp">
      <Filter>UIServices</Filter>
    </ClCompile>
    <ClCompile Include="..\common\CmdLine.cpp">
      <Filter>Texts</Filter>
    </ClCompile>
    <ClCompile Include="ColorFix.cpp">
      <Filter>UIServices</Filter>
    </ClCompile>
    <ClCompile Include="CustomFonts.cpp">
      <Filter>UIServices</Filter>
    </ClCompile>
    <ClCompile Include="DpiAware.cpp">
      <Filter>UIServices</Filter>
    </ClCompile>
    <ClCompile Include="DlgItemHelper.cpp">
      <Filter>UIServices</Filter>
    </ClCompile>
    <ClCompile Include="DwmHelper.cpp">
      <Filter>UIServices</Filter>
    </ClCompile>
    <ClCompile Include="DynDialog.cpp">
      <Filter>UIServices</Filter>
    </ClCompile>
    <ClCompile Include="Font.cpp">
      <Filter>UIServices</Filter>
    </ClCompile>
    <ClCompile Include="FontMgr.cpp">
      <Filter>UIServices</Filter>
    </ClCompile>
    <ClCompile Include="FontPtr.cpp">
      <Filter>UIServices</Filter>
    </ClCompile>
    <ClCompile Include="Menu.cpp">
      <Filter>UIServices</Filter>
    </ClCompile>
    <ClCompile Include="..\common\execute.cpp">
      <Filter>Helpers</Filter>
    </ClCompile>
    <ClCompile Include="CreateProcess.cpp">
      <Filter>Processes</Filter>
    </ClCompile>
    <ClCompile Include="DefaultTerm.cpp">
      <Filter>Processes</Filter>
    </ClCompile>
    <ClCompile Include="ConEmuCtrl.cpp">
      <Filter>Input</Filter>
    </ClCompile>
    <ClCompile Include="HooksUnlocker.cpp">
      <Filter>Input</Filter>
    </ClCompile>
    <ClCompile Include="..\common\ProcessSetEnv.cpp">
      <Filter>Processes</Filter>
    </ClCompile>
    <ClCompile Include="UnitTests.cpp">
      <Filter>Helpers</Filter>
    </ClCompile>
    <ClCompile Include="..\common\Common.cpp">
      <Filter>Communications</Filter>
    </ClCompile>
    <ClCompile Include="ConEmuPipe.cpp">
      <Filter>Communications</Filter>
    </ClCompile>
    <ClCompile Include="..\common\ConEmuCheck.cpp">
      <Filter>Communications</Filter>
    </ClCompile>
    <ClCompile Include="..\common\HkFunc.cpp">
      <Filter>Helpers</Filter>
    </ClCompile>
    <ClCompile Include="..\common\Monitors.cpp">
      <Filter>UIServices</Filter>
    </ClCompile>
    <ClCompile Include="ConfirmDlg.cpp">
      <Filter>UIControls</Filter>
    </ClCompile>
  </ItemGroup>
  <ItemGroup>
    <ClInclude Include="version.h" />
    <ClInclude Include="SetPgAppear.h">
      <Filter>SettingPages</Filter>
    </ClInclude>
    <ClInclude Include="SetPgApps.h">
      <Filter>SettingPages</Filter>
    </ClInclude>
    <ClInclude Include="SetPgBackgr.h">
      <Filter>SettingPages</Filter>
    </ClInclude>
    <ClInclude Include="SetPgBase.h">
      <Filter>SettingPages</Filter>
    </ClInclude>
    <ClInclude Include="SetPgColors.h">
      <Filter>SettingPages</Filter>
    </ClInclude>
    <ClInclude Include="SetPgComspec.h">
      <Filter>SettingPages</Filter>
    </ClInclude>
    <ClInclude Include="SetPgConfirm.h">
      <Filter>SettingPages</Filter>
    </ClInclude>
    <ClInclude Include="SetPgCursor.h">
      <Filter>SettingPages</Filter>
    </ClInclude>
    <ClInclude Include="SetPgDebug.h">
      <Filter>SettingPages</Filter>
    </ClInclude>
    <ClInclude Include="SetPgDefTerm.h">
      <Filter>SettingPages</Filter>
    </ClInclude>
    <ClInclude Include="SetPgEnvironment.h">
      <Filter>SettingPages</Filter>
    </ClInclude>
    <ClInclude Include="SetPgFar.h">
      <Filter>SettingPages</Filter>
    </ClInclude>
    <ClInclude Include="SetPgFarMacro.h">
      <Filter>SettingPages</Filter>
    </ClInclude>
    <ClInclude Include="SetPgFeatures.h">
      <Filter>SettingPages</Filter>
    </ClInclude>
    <ClInclude Include="SetPgFonts.h">
      <Filter>SettingPages</Filter>
    </ClInclude>
    <ClInclude Include="SetPgHilight.h">
      <Filter>SettingPages</Filter>
    </ClInclude>
    <ClInclude Include="SetPgInfo.h">
      <Filter>SettingPages</Filter>
    </ClInclude>
    <ClInclude Include="SetPgIntegr.h">
      <Filter>SettingPages</Filter>
    </ClInclude>
    <ClInclude Include="SetPgKeys.h">
      <Filter>SettingPages</Filter>
    </ClInclude>
    <ClInclude Include="SetPgMarkCopy.h">
      <Filter>SettingPages</Filter>
    </ClInclude>
    <ClInclude Include="SetPgPaste.h">
      <Filter>SettingPages</Filter>
    </ClInclude>
    <ClInclude Include="SetPgSizePos.h">
      <Filter>SettingPages</Filter>
    </ClInclude>
    <ClInclude Include="SetPgStartup.h">
      <Filter>SettingPages</Filter>
    </ClInclude>
    <ClInclude Include="SetPgStatus.h">
      <Filter>SettingPages</Filter>
    </ClInclude>
    <ClInclude Include="SetPgTabs.h">
      <Filter>SettingPages</Filter>
    </ClInclude>
    <ClInclude Include="SetPgTaskbar.h">
      <Filter>SettingPages</Filter>
    </ClInclude>
    <ClInclude Include="SetPgTasks.h">
      <Filter>SettingPages</Filter>
    </ClInclude>
    <ClInclude Include="SetPgTransparent.h">
      <Filter>SettingPages</Filter>
    </ClInclude>
    <ClInclude Include="SetPgUpdate.h">
      <Filter>SettingPages</Filter>
    </ClInclude>
    <ClInclude Include="SetPgViews.h">
      <Filter>SettingPages</Filter>
    </ClInclude>
    <ClInclude Include="SetPgChildGui.h">
      <Filter>SettingPages</Filter>
    </ClInclude>
    <ClInclude Include="SetPgKeyboard.h">
      <Filter>SettingPages</Filter>
    </ClInclude>
    <ClInclude Include="SetPgMouse.h">
      <Filter>SettingPages</Filter>
    </ClInclude>
    <ClInclude Include="SetPgQuake.h">
      <Filter>SettingPages</Filter>
    </ClInclude>
    <ClInclude Include="Update.h">
      <Filter>Updater</Filter>
    </ClInclude>
    <ClInclude Include="UpdateConst.h">
      <Filter>Updater</Filter>
    </ClInclude>
    <ClInclude Include="UpdateSet.h">
      <Filter>Updater</Filter>
    </ClInclude>
    <ClInclude Include="Options.h">
      <Filter>Settings</Filter>
    </ClInclude>
    <ClInclude Include="OptionsClass.h">
      <Filter>Settings</Filter>
    </ClInclude>
    <ClInclude Include="OptionsFast.h">
      <Filter>Settings</Filter>
    </ClInclude>
    <ClInclude Include="OptionsHelp.h">
      <Filter>Settings</Filter>
    </ClInclude>
    <ClInclude Include="HotkeyChord.h">
      <Filter>Settings</Filter>
    </ClInclude>
    <ClInclude Include="HotkeyDlg.h">
      <Filter>Settings</Filter>
    </ClInclude>
    <ClInclude Include="HotkeyList.h">
      <Filter>Settings</Filter>
    </ClInclude>
    <ClInclude Include="Hotkeys.h">
      <Filter>Settings</Filter>
    </ClInclude>
    <ClInclude Include="SetAppSettings.h">
      <Filter>SettingPages</Filter>
    </ClInclude>
    <ClInclude Include="SetCmdTask.h">
      <Filter>SettingPages</Filter>
    </ClInclude>
    <ClInclude Include="SetColorPalette.h">
      <Filter>SettingPages</Filter>
    </ClInclude>
    <ClInclude Include="SetDlgButtons.h">
      <Filter>SettingPages</Filter>
    </ClInclude>
    <ClInclude Include="SetDlgColors.h">
      <Filter>SettingPages</Filter>
    </ClInclude>
    <ClInclude Include="SetDlgFonts.h">
      <Filter>SettingPages</Filter>
    </ClInclude>
    <ClInclude Include="SetDlgLists.h">
      <Filter>SettingPages</Filter>
    </ClInclude>
    <ClInclude Include="..\common\SetEnvVar.h">
      <Filter>SettingPages</Filter>
    </ClInclude>
    <ClInclude Include="SetPgANSI.h">
      <Filter>SettingPages</Filter>
    </ClInclude>
    <ClInclude Include="SetTypes.h">
      <Filter>Settings</Filter>
    </ClInclude>
    <ClInclude Include="SearchCtrl.h">
      <Filter>UIControls</Filter>
    </ClInclude>
    <ClInclude Include="Status.h">
      <Filter>UIControls</Filter>
    </ClInclude>
    <ClInclude Include="TabBar.h">
      <Filter>UIControls</Filter>
    </ClInclude>
    <ClInclude Include="TabCtrlBase.h">
      <Filter>UIControls</Filter>
    </ClInclude>
    <ClInclude Include="TabCtrlWin.h">
      <Filter>UIControls</Filter>
    </ClInclude>
    <ClInclude Include="TrayIcon.h">
      <Filter>UIServices</Filter>
    </ClInclude>
    <ClInclude Include="TaskBarGhost.h">
      <Filter>UIServices</Filter>
    </ClInclude>
    <ClInclude Include="TaskBar.h">
      <Filter>UIServices</Filter>
    </ClInclude>
    <ClInclude Include="TabID.h">
      <Filter>UIServices</Filter>
    </ClInclude>
    <ClInclude Include="LngData.h">
      <Filter>Localization</Filter>
    </ClInclude>
    <ClInclude Include="LngDataEnum.h">
      <Filter>Localization</Filter>
    </ClInclude>
    <ClInclude Include="LngDataHints.h">
      <Filter>Localization</Filter>
    </ClInclude>
    <ClInclude Include="LngDataRsrcs.h">
      <Filter>Localization</Filter>
    </ClInclude>
    <ClInclude Include="..\common\WUser.h">
      <Filter>Helpers</Filter>
    </ClInclude>
    <ClInclude Include="..\common\WThreads.h">
      <Filter>Helpers</Filter>
    </ClInclude>
    <ClInclude Include="..\common\WSession.h">
      <Filter>Helpers</Filter>
    </ClInclude>
    <ClInclude Include="..\common\WRegistry.h">
      <Filter>Helpers</Filter>
    </ClInclude>
    <ClInclude Include="..\common\WObjects.h">
      <Filter>Helpers</Filter>
    </ClInclude>
    <ClInclude Include="WinObjBase.h">
      <Filter>Helpers</Filter>
    </ClInclude>
    <ClInclude Include="..\common\WFiles.h">
      <Filter>Helpers</Filter>
    </ClInclude>
    <ClInclude Include="ToolImg.h">
      <Filter>UIServices</Filter>
    </ClInclude>
    <ClInclude Include="..\common\wcwidth.h">
      <Filter>Texts</Filter>
    </ClInclude>
    <ClInclude Include="..\common\wcchars.h">
      <Filter>Texts</Filter>
    </ClInclude>
    <ClInclude Include="version_stage.h" />
    <ClInclude Include="TaskScheduler.h">
      <Filter>Helpers</Filter>
    </ClInclude>
    <ClInclude Include="resource.h">
      <Filter>Resource Files</Filter>
    </ClInclude>
    <ClInclude Include="..\common\Monitors.h">
      <Filter>UIServices</Filter>
    </ClInclude>
    <ClInclude Include="..\common\RgnDetect.h">
      <Filter>Texts</Filter>
    </ClInclude>
    <ClInclude Include="..\common\UnicodeChars.h">
      <Filter>Texts</Filter>
    </ClInclude>
    <ClInclude Include="About.h">
      <Filter>About</Filter>
    </ClInclude>
    <ClInclude Include="AboutDlg.h">
      <Filter>About</Filter>
    </ClInclude>
    <ClInclude Include="PushInfo.h">
      <Filter>About</Filter>
    </ClInclude>
    <ClInclude Include="LngRc.h">
      <Filter>Localization</Filter>
    </ClInclude>
    <ClInclude Include="..\common\WConsoleInfo.h">
      <Filter>Helpers</Filter>
    </ClInclude>
    <ClInclude Include="TermX.h">
      <Filter>Input</Filter>
    </ClInclude>
    <ClInclude Include="Registry.h">
      <Filter>Settings</Filter>
    </ClInclude>
    <ClInclude Include="AltNumpad.h">
      <Filter>Input</Filter>
    </ClInclude>
    <ClInclude Include="Match.h">
      <Filter>Texts</Filter>
    </ClInclude>
    <ClInclude Include="VConText.h">
      <Filter>Texts</Filter>
    </ClInclude>
    <ClInclude Include="Recreate.h">
      <Filter>Processes</Filter>
    </ClInclude>
    <ClInclude Include="Attach.h">
      <Filter>Processes</Filter>
    </ClInclude>
    <ClInclude Include="..\common\MGuiMacro.h">
      <Filter>Macro</Filter>
    </ClInclude>
    <ClInclude Include="Macro.h">
      <Filter>Macro</Filter>
    </ClInclude>
    <ClInclude Include="..\common\MArray.h">
      <Filter>Helpers</Filter>
    </ClInclude>
    <ClInclude Include="..\common\MAssert.h">
      <Filter>Helpers</Filter>
    </ClInclude>
    <ClInclude Include="..\common\MBSTR.h">
      <Filter>Helpers</Filter>
    </ClInclude>
    <ClInclude Include="..\common\MCircular.h">
      <Filter>Helpers</Filter>
    </ClInclude>
    <ClInclude Include="..\common\md5.h">
      <Filter>Helpers</Filter>
    </ClInclude>
    <ClInclude Include="..\common\Memory.h">
      <Filter>Helpers</Filter>
    </ClInclude>
    <ClInclude Include="..\common\MEvent.h">
      <Filter>Helpers</Filter>
    </ClInclude>
    <ClInclude Include="..\common\MFileLog.h">
      <Filter>Helpers</Filter>
    </ClInclude>
    <ClInclude Include="..\common\MGlobal.h">
      <Filter>Helpers</Filter>
    </ClInclude>
    <ClInclude Include="..\common\MJsonReader.h">
      <Filter>Helpers</Filter>
    </ClInclude>
    <ClInclude Include="..\common\MModule.h">
      <Filter>Helpers</Filter>
    </ClInclude>
    <ClInclude Include="..\common\MProcess.h">
      <Filter>Helpers</Filter>
    </ClInclude>
    <ClInclude Include="..\common\MProcessBits.h">
      <Filter>Helpers</Filter>
    </ClInclude>
    <ClInclude Include="..\common\MRect.h">
      <Filter>Helpers</Filter>
    </ClInclude>
    <ClInclude Include="..\common\MSection.h">
      <Filter>Helpers</Filter>
    </ClInclude>
    <ClInclude Include="..\common\MSectionSimple.h">
      <Filter>Helpers</Filter>
    </ClInclude>
    <ClInclude Include="..\common\MSecurity.h">
      <Filter>Helpers</Filter>
    </ClInclude>
    <ClInclude Include="..\common\MSetter.h">
      <Filter>Helpers</Filter>
    </ClInclude>
    <ClInclude Include="..\common\MTimer.h">
      <Filter>Helpers</Filter>
    </ClInclude>
    <ClInclude Include="MyClipboard.h">
      <Filter>Helpers</Filter>
    </ClInclude>
    <ClInclude Include="..\common\MStrDup.h">
      <Filter>Texts</Filter>
    </ClInclude>
    <ClInclude Include="..\common\MStrEsc.h">
      <Filter>Texts</Filter>
    </ClInclude>
    <ClInclude Include="..\common\MStrSafe.h">
      <Filter>Texts</Filter>
    </ClInclude>
    <ClInclude Include="GestureEngine.h">
      <Filter>Input</Filter>
    </ClInclude>
    <ClInclude Include="RunQueue.h">
      <Filter>Processes</Filter>
    </ClInclude>
    <ClInclude Include="RealServer.h">
      <Filter>Communications</Filter>
    </ClInclude>
    <ClInclude Include="..\common\MPipe.h">
      <Filter>Communications</Filter>
    </ClInclude>
    <ClInclude Include="..\common\PipeServer.h">
      <Filter>Communications</Filter>
    </ClInclude>
    <ClInclude Include="GuiServer.h">
      <Filter>Communications</Filter>
    </ClInclude>
    <ClInclude Include="..\common\kl_parts.h">
      <Filter>Helpers</Filter>
    </ClInclude>
    <ClInclude Include="..\ConEmuCD\GuiHooks.h">
      <Filter>Input</Filter>
    </ClInclude>
    <ClInclude Include="FindDlg.h">
      <Filter>UIControls</Filter>
    </ClInclude>
    <ClInclude Include="FindPanel.h">
      <Filter>UIControls</Filter>
    </ClInclude>
    <ClInclude Include="CmdHistory.h">
      <Filter>Settings</Filter>
    </ClInclude>
    <ClInclude Include="..\common\MToolTip.h">
      <Filter>UIControls</Filter>
    </ClInclude>
    <ClInclude Include="LoadImg.h">
      <Filter>UIServices</Filter>
    </ClInclude>
    <ClInclude Include="ImgButton.h">
      <Filter>UIServices</Filter>
    </ClInclude>
    <ClInclude Include="IconList.h">
      <Filter>UIServices</Filter>
    </ClInclude>
    <ClInclude Include="HtmlCopy.h">
      <Filter>Texts</Filter>
    </ClInclude>
    <ClInclude Include="ScreenDump.h">
      <Filter>UIServices</Filter>
    </ClInclude>
    <ClInclude Include="RConData.h">
      <Filter>ConsoleData</Filter>
    </ClInclude>
    <ClInclude Include="RConFiles.h">
      <Filter>ConsoleData</Filter>
    </ClInclude>
    <ClInclude Include="RConPalette.h">
      <Filter>ConsoleData</Filter>
    </ClInclude>
    <ClInclude Include="..\common\RConStartArgs.h">
      <Filter>ConsoleData</Filter>
    </ClInclude>
    <ClInclude Include="RealBuffer.h">
      <Filter>ConsoleData</Filter>
    </ClInclude>
    <ClInclude Include="RealConsole.h">
      <Filter>ConsoleData</Filter>
    </ClInclude>
    <ClInclude Include="DragDrop.h">
      <Filter>UIServices</Filter>
    </ClInclude>
    <ClInclude Include="DragDropData.h">
      <Filter>UIServices</Filter>
    </ClInclude>
    <ClInclude Include="BaseDragDrops.h">
      <Filter>UIServices</Filter>
    </ClInclude>
    <ClInclude Include="Background.h">
      <Filter>UIServices</Filter>
    </ClInclude>
    <ClInclude Include="..\common\CEStr.h">
      <Filter>Texts</Filter>
    </ClInclude>
    <ClInclude Include="..\common\CmdLine.h">
      <Filter>Texts</Filter>
    </ClInclude>
    <ClInclude Include="ColorFix.h">
      <Filter>UIServices</Filter>
    </ClInclude>
    <ClInclude Include="DwmHelper.h">
      <Filter>UIServices</Filter>
    </ClInclude>
    <ClInclude Include="DynDialog.h">
      <Filter>UIServices</Filter>
    </ClInclude>
    <ClInclude Include="DlgItemHelper.h">
      <Filter>UIServices</Filter>
    </ClInclude>
    <ClInclude Include="DpiAware.h">
      <Filter>UIServices</Filter>
    </ClInclude>
    <ClInclude Include="Font.h">
      <Filter>UIServices</Filter>
    </ClInclude>
    <ClInclude Include="FontInfo.h">
      <Filter>UIServices</Filter>
    </ClInclude>
    <ClInclude Include="FontMgr.h">
      <Filter>UIServices</Filter>
    </ClInclude>
    <ClInclude Include="FontPtr.h">
      <Filter>UIServices</Filter>
    </ClInclude>
    <ClInclude Include="CustomFonts.h">
      <Filter>UIServices</Filter>
    </ClInclude>
    <ClInclude Include="Menu.h">
      <Filter>UIServices</Filter>
    </ClInclude>
    <ClInclude Include="MenuIds.h">
      <Filter>UIServices</Filter>
    </ClInclude>
    <ClInclude Include="..\common\execute.h">
      <Filter>Helpers</Filter>
    </ClInclude>
    <ClInclude Include="CreateProcess.h">
      <Filter>Processes</Filter>
    </ClInclude>
    <ClInclude Include="DefaultTerm.h">
      <Filter>Processes</Filter>
    </ClInclude>
    <ClInclude Include="..\common\DefTermBase.h">
      <Filter>Processes</Filter>
    </ClInclude>
    <ClInclude Include="ConEmuCtrl.h">
      <Filter>Input</Filter>
    </ClInclude>
    <ClInclude Include="HooksUnlocker.h">
      <Filter>Input</Filter>
    </ClInclude>
    <ClInclude Include="..\common\ProcessSetEnv.h">
      <Filter>Processes</Filter>
    </ClInclude>
    <ClInclude Include="..\common\ProcessData.h">
      <Filter>Processes</Filter>
    </ClInclude>
    <ClInclude Include="UnitTests.h">
      <Filter>Helpers</Filter>
    </ClInclude>
    <ClInclude Include="..\common\Common.h">
      <Filter>Communications</Filter>
    </ClInclude>
    <ClInclude Include="ConEmuPipe.h">
      <Filter>Communications</Filter>
    </ClInclude>
    <ClInclude Include="..\common\ConEmuCheck.h">
      <Filter>Communications</Filter>
    </ClInclude>
    <ClInclude Include="..\common\HkFunc.h">
      <Filter>Helpers</Filter>
    </ClInclude>
    <ClInclude Include="..\common\ConEmuColors.h">
      <Filter>Settings</Filter>
    </ClInclude>
    <ClInclude Include="..\common\StartupEnvEx.h">
      <Filter>Helpers</Filter>
    </ClInclude>
    <ClInclude Include="RefRelease.h">
      <Filter>Helpers</Filter>
    </ClInclude>
    <ClInclude Include="..\common\StartupEnv.h">
      <Filter>Helpers</Filter>
    </ClInclude>
    <ClInclude Include="..\common\StartupEnvDef.h">
      <Filter>Helpers</Filter>
    </ClInclude>
    <ClInclude Include="ConfirmDlg.h">
      <Filter>UIControls</Filter>
    </ClInclude>
    <ClInclude Include="..\ConEmuCD\ConsoleHelp.h">
      <Filter>About</Filter>
    </ClInclude>
    <ClInclude Include="..\common\ConsoleAnnotation.h">
      <Filter>Helpers</Filter>
    </ClInclude>
    <ClInclude Include="..\common\MToolHelp.h">
      <Filter>Processes</Filter>
    </ClInclude>
    <ClInclude Include="..\ConEmuCD\ExitCodes.h">
      <Filter>Helpers</Filter>
    </ClInclude>
    <ClInclude Include="..\common\Dump.h">
      <Filter>Helpers</Filter>
    </ClInclude>
    <ClInclude Include="ConEmu.h">
      <Filter>Main</Filter>
    </ClInclude>
    <ClInclude Include="ConEmuApp.h">
      <Filter>Main</Filter>
    </ClInclude>
    <ClInclude Include="ConEmuSize.h">
      <Filter>Main</Filter>
    </ClInclude>
    <ClInclude Include="ConEmuStart.h">
      <Filter>Main</Filter>
    </ClInclude>
    <ClInclude Include="..\common\defines.h">
      <Filter>Main</Filter>
    </ClInclude>
    <ClInclude Include="FrameHolder.h">
      <Filter>Main</Filter>
    </ClInclude>
    <ClInclude Include="globals.h">
      <Filter>Main</Filter>
    </ClInclude>
    <ClInclude Include="Header.h">
      <Filter>Main</Filter>
    </ClInclude>
    <ClInclude Include="Inside.h">
      <Filter>Main</Filter>
    </ClInclude>
    <ClInclude Include="VConChild.h">
      <Filter>Main</Filter>
    </ClInclude>
    <ClInclude Include="VConGroup.h">
      <Filter>Main</Filter>
    </ClInclude>
    <ClInclude Include="VConRelease.h">
      <Filter>Main</Filter>
    </ClInclude>
    <ClInclude Include="VirtualConsole.h">
      <Filter>Main</Filter>
    </ClInclude>
  </ItemGroup>
  <ItemGroup>
    <None Include="Copy.bmp">
      <Filter>Resource Files</Filter>
    </None>
    <None Include="hourglass.bmp">
      <Filter>Resource Files</Filter>
    </None>
    <None Include="hsplit.cur">
      <Filter>Resource Files</Filter>
    </None>
    <None Include="Shield.bmp">
      <Filter>Resource Files</Filter>
    </None>
    <None Include="Shield.ico">
      <Filter>Resource Files</Filter>
    </None>
    <None Include="toolbar1.bmp">
      <Filter>Resource Files</Filter>
    </None>
    <None Include="Version.rc2">
      <Filter>Resource Files</Filter>
    </None>
    <None Include="vsplit.cur">
      <Filter>Resource Files</Filter>
    </None>
    <None Include="..\..\Release\ConEmu\About-ConEmu.txt" />
    <None Include="..\..\Release\ConEmu\FAQ-ConEmu.txt" />
    <None Include="..\..\Release\ConEmu\License.txt" />
    <None Include="..\..\Release\ConEmu\Settings-ConEmu.reg" />
    <None Include="..\..\Release\ConEmu\WhatsNew-ConEmu.txt" />
    <None Include="ConEmu.ico">
      <Filter>Resource Files</Filter>
    </None>
    <None Include="CursorDragCopy.cur">
      <Filter>Resource Files</Filter>
    </None>
    <None Include="CursorDragLink.cur">
      <Filter>Resource Files</Filter>
    </None>
    <None Include="CursorDragMove.cur">
      <Filter>Resource Files</Filter>
    </None>
    <None Include="Far.ico">
      <Filter>Resource Files</Filter>
    </None>
    <None Include="FAR2.ico">
      <Filter>Resource Files</Filter>
    </None>
  </ItemGroup>
  <ItemGroup>
    <ResourceCompile Include="ConEmu.rc">
      <Filter>Resource Files</Filter>
    </ResourceCompile>
  </ItemGroup>
  <ItemGroup>
    <Image Include="Copy24.bmp">
      <Filter>Resource Files</Filter>
    </Image>
    <Image Include="Copy4.bmp">
      <Filter>Resource Files</Filter>
    </Image>
    <Image Include="Scroll.bmp">
      <Filter>Resource Files</Filter>
    </Image>
    <Image Include="Shield16.bmp">
      <Filter>Resource Files</Filter>
    </Image>
    <Image Include="graphics\circles.bmp">
      <Filter>Resource Files</Filter>
    </Image>
    <Image Include="graphics\search.bmp">
      <Filter>Resource Files</Filter>
    </Image>
    <Image Include="graphics\donate.bmp">
      <Filter>Resource Files</Filter>
    </Image>
    <Image Include="graphics\flattr.bmp">
      <Filter>Resource Files</Filter>
    </Image>
  </ItemGroup>
</Project>