
Microsoft Visual Studio Solution File, Format Version 12.00
# Visual Studio 15
Project("{8BC9CEB8-8B4A-11D0-8D11-00A0C91BC942}") = "ConEmu", "ConEmu.vcxproj", "{8CCC3EAC-786E-6982-6129-7DD64D6AF0D2}"
EndProject
Project("{8BC9CEB8-8B4A-11D0-8D11-00A0C91BC942}") = "ConEmuC", "ConEmuC.vcxproj", "{4F5E1834-BB3D-97CF-C455-22A630B4FD30}"
	ProjectSection(ProjectDependencies) = postProject
		{732824B7-5FF5-7EC2-880E-6D6A743AB450} = {732824B7-5FF5-7EC2-880E-6D6A743AB450}
		{3F2924B7-2BF6-7EC2-540F-6D6A403BB450} = {3F2924B7-2BF6-7EC2-540F-6D6A403BB450}
	EndProjectSection
EndProject
Project("{8BC9CEB8-8B4A-11D0-8D11-00A0C91BC942}") = "ConEmuCD", "ConEmuCD.vcxproj", "{732824B7-5FF5-7EC2-880E-6D6A743AB450}"
EndProject
Project("{8BC9CEB8-8B4A-11D0-8D11-00A0C91BC942}") = "ConEmuHk", "ConEmuHk.vcxproj", "{3F2924B7-2BF6-7EC2-540F-6D6A403BB450}"
EndProject
Project("{8BC9CEB8-8B4A-11D0-8D11-00A0C91BC942}") = "Far.ConEmuBg", "Far.ConEmuBg.vcxproj", "{FCC7D039-E82A-60DE-91B0-98947DF22B61}"
EndProject
Project("{8BC9CEB8-8B4A-11D0-8D11-00A0C91BC942}") = "Far.ConEmuLn", "Far.ConEmuLn.vcxproj", "{4DC9D039-392C-60DE-E2B1-9894CEF32B61}"
EndProject
Project("{8BC9CEB8-8B4A-11D0-8D11-00A0C91BC942}") = "Far.ConEmuPlugin", "Far.ConEmuPlugin.vcxproj", "{C205F1E5-AEFE-0F38-D730-F5BCC388EF43}"
EndProject
Project("{8BC9CEB8-8B4A-11D0-8D11-00A0C91BC942}") = "Far.ConEmuTh", "Far.ConEmuTh.vcxproj", "{4FCAD039-3B2D-60DE-E4B2-9894D0F42B61}"
EndProject
Project("{8BC9CEB8-8B4A-11D0-8D11-00A0C91BC942}") = "Far.ConEmuTh.gdi+", "Far.ConEmuTh.gdi+.vcxproj", "{FC2CA1C9-6843-9F5F-B1BA-2A811D1070E7}"
EndProject
Project("{8BC9CEB8-8B4A-11D0-8D11-00A0C91BC942}") = "Far.ConEmuTh.ico", "Far.ConEmuTh.ico.vcxproj", "{185FD6EE-0458-F540-2D8A-DAC519E2D44C}"
EndProject
Project("{8BC9CEB8-8B4A-11D0-8D11-00A0C91BC942}") = "Far.ConEmuTh.pe", "Far.ConEmuTh.pe.vcxproj", "{72AEC016-DE39-2EDB-E74A-B1CF53558ADB}"
EndProject
Project("{8BC9CEB8-8B4A-11D0-8D11-00A0C91BC942}") = "Far.ExtendedConsole", "Far.ExtendedConsole.vcxproj", "{3044E8BC-9CA5-C5CA-2513-0C7D9173FC89}"
EndProject
Project("{8BC9CEB8-8B4A-11D0-8D11-00A0C91BC942}") = "Tests", "Tests.vcxproj", "{5865280E-C479-50BF-8DFB-F31EF9CE4CF0}"
EndProject
Project("{8BC9CEB8-8B4A-11D0-8D11-00A0C91BC942}") = "common-kernel", "common-kernel.vcxproj", "{9CA77168-0868-ED9E-D1A2-361C3D22327B}"
EndProject
Project("{8BC9CEB8-8B4A-11D0-8D11-00A0C91BC942}") = "common-user", "common-user.vcxproj", "{1AC964D4-867E-DDC9-0F73-D7A07B27D4CD}"
EndProject
Global
	GlobalSection(SolutionConfigurationPlatforms) = preSolution
		Debug|Win32 = Debug|Win32
		Debug|x64 = Debug|x64
		Release|Win32 = Release|Win32
		Release|x64 = Release|x64
		Remote|Win32 = Remote|Win32
		Remote|x64 = Remote|x64
	EndGlobalSection
	GlobalSection(ProjectConfigurationPlatforms) = postSolution
		{8CCC3EAC-786E-6982-6129-7DD64D6AF0D2}.Debug|Win32.ActiveCfg = Debug|Win32
		{8CCC3EAC-786E-6982-6129-7DD64D6AF0D2}.Debug|Win32.Build.0 = Debug|Win32
		{8CCC3EAC-786E-6982-6129-7DD64D6AF0D2}.Debug|x64.ActiveCfg = Debug|x64
		{8CCC3EAC-786E-6982-6129-7DD64D6AF0D2}.Debug|x64.Build.0 = Debug|x64
		{8CCC3EAC-786E-6982-6129-7DD64D6AF0D2}.Release|Win32.ActiveCfg = Release|Win32
		{8CCC3EAC-786E-6982-6129-7DD64D6AF0D2}.Release|Win32.Build.0 = Release|Win32
		{8CCC3EAC-786E-6982-6129-7DD64D6AF0D2}.Release|x64.ActiveCfg = Release|x64
		{8CCC3EAC-786E-6982-6129-7DD64D6AF0D2}.Release|x64.Build.0 = Release|x64
		{8CCC3EAC-786E-6982-6129-7DD64D6AF0D2}.Remote|Win32.ActiveCfg = Remote|Win32
		{8CCC3EAC-786E-6982-6129-7DD64D6AF0D2}.Remote|Win32.Build.0 = Remote|Win32
		{8CCC3EAC-786E-6982-6129-7DD64D6AF0D2}.Remote|x64.ActiveCfg = Remote|x64
		{8CCC3EAC-786E-6982-6129-7DD64D6AF0D2}.Remote|x64.Build.0 = Remote|x64
		{4F5E1834-BB3D-97CF-C455-22A630B4FD30}.Debug|Win32.ActiveCfg = Debug|Win32
		{4F5E1834-BB3D-97CF-C455-22A630B4FD30}.Debug|Win32.Build.0 = Debug|Win32
		{4F5E1834-BB3D-97CF-C455-22A630B4FD30}.Debug|x64.ActiveCfg = Debug|x64
		{4F5E1834-BB3D-97CF-C455-22A630B4FD30}.Debug|x64.Build.0 = Debug|x64
		{4F5E1834-BB3D-97CF-C455-22A630B4FD30}.Release|Win32.ActiveCfg = Release|Win32
		{4F5E1834-BB3D-97CF-C455-22A630B4FD30}.Release|Win32.Build.0 = Release|Win32
		{4F5E1834-BB3D-97CF-C455-22A630B4FD30}.Release|x64.ActiveCfg = Release|x64
		{4F5E1834-BB3D-97CF-C455-22A630B4FD30}.Release|x64.Build.0 = Release|x64
		{4F5E1834-BB3D-97CF-C455-22A630B4FD30}.Remote|Win32.ActiveCfg = Remote|Win32
		{4F5E1834-BB3D-97CF-C455-22A630B4FD30}.Remote|Win32.Build.0 = Remote|Win32
		{4F5E1834-BB3D-97CF-C455-22A630B4FD30}.Remote|x64.ActiveCfg = Remote|x64
		{4F5E1834-BB3D-97CF-C455-22A630B4FD30}.Remote|x64.Build.0 = Remote|x64
		{732824B7-5FF5-7EC2-880E-6D6A743AB450}.Debug|Win32.ActiveCfg = Debug|Win32
		{732824B7-5FF5-7EC2-880E-6D6A743AB450}.Debug|Win32.Build.0 = Debug|Win32
		{732824B7-5FF5-7EC2-880E-6D6A743AB450}.Debug|x64.ActiveCfg = Debug|x64
		{732824B7-5FF5-7EC2-880E-6D6A743AB450}.Debug|x64.Build.0 = Debug|x64
		{732824B7-5FF5-7EC2-880E-6D6A743AB450}.Release|Win32.ActiveCfg = Release|Win32
		{732824B7-5FF5-7EC2-880E-6D6A743AB450}.Release|Win32.Build.0 = Release|Win32
		{732824B7-5FF5-7EC2-880E-6D6A743AB450}.Release|x64.ActiveCfg = Release|x64
		{732824B7-5FF5-7EC2-880E-6D6A743AB450}.Release|x64.Build.0 = Release|x64
		{732824B7-5FF5-7EC2-880E-6D6A743AB450}.Remote|Win32.ActiveCfg = Remote|Win32
		{732824B7-5FF5-7EC2-880E-6D6A743AB450}.Remote|Win32.Build.0 = Remote|Win32
		{732824B7-5FF5-7EC2-880E-6D6A743AB450}.Remote|x64.ActiveCfg = Remote|x64
		{732824B7-5FF5-7EC2-880E-6D6A743AB450}.Remote|x64.Build.0 = Remote|x64
		{3F2924B7-2BF6-7EC2-540F-6D6A403BB450}.Debug|Win32.ActiveCfg = Debug|Win32
		{3F2924B7-2BF6-7EC2-540F-6D6A403BB450}.Debug|Win32.Build.0 = Debug|Win32
		{3F2924B7-2BF6-7EC2-540F-6D6A403BB450}.Debug|x64.ActiveCfg = Debug|x64
		{3F2924B7-2BF6-7EC2-540F-6D6A403BB450}.Debug|x64.Build.0 = Debug|x64
		{3F2924B7-2BF6-7EC2-540F-6D6A403BB450}.Release|Win32.ActiveCfg = Release|Win32
		{3F2924B7-2BF6-7EC2-540F-6D6A403BB450}.Release|Win32.Build.0 = Release|Win32
		{3F2924B7-2BF6-7EC2-540F-6D6A403BB450}.Release|x64.ActiveCfg = Release|x64
		{3F2924B7-2BF6-7EC2-540F-6D6A403BB450}.Release|x64.Build.0 = Release|x64
		{3F2924B7-2BF6-7EC2-540F-6D6A403BB450}.Remote|Win32.ActiveCfg = Remote|Win32
		{3F2924B7-2BF6-7EC2-540F-6D6A403BB450}.Remote|Win32.Build.0 = Remote|Win32
		{3F2924B7-2BF6-7EC2-540F-6D6A403BB450}.Remote|x64.ActiveCfg = Remote|x64
		{3F2924B7-2BF6-7EC2-540F-6D6A403BB450}.Remote|x64.Build.0 = Remote|x64
		{FCC7D039-E82A-60DE-91B0-98947DF22B61}.Debug|Win32.ActiveCfg = Debug|Win32
		{FCC7D039-E82A-60DE-91B0-98947DF22B61}.Debug|Win32.Build.0 = Debug|Win32
		{FCC7D039-E82A-60DE-91B0-98947DF22B61}.Debug|x64.ActiveCfg = Debug|x64
		{FCC7D039-E82A-60DE-91B0-98947DF22B61}.Debug|x64.Build.0 = Debug|x64
		{FCC7D039-E82A-60DE-91B0-98947DF22B61}.Release|Win32.ActiveCfg = Release|Win32
		{FCC7D039-E82A-60DE-91B0-98947DF22B61}.Release|Win32.Build.0 = Release|Win32
		{FCC7D039-E82A-60DE-91B0-98947DF22B61}.Release|x64.ActiveCfg = Release|x64
		{FCC7D039-E82A-60DE-91B0-98947DF22B61}.Release|x64.Build.0 = Release|x64
		{FCC7D039-E82A-60DE-91B0-98947DF22B61}.Remote|Win32.ActiveCfg = Remote|Win32
		{FCC7D039-E82A-60DE-91B0-98947DF22B61}.Remote|Win32.Build.0 = Remote|Win32
		{FCC7D039-E82A-60DE-91B0-98947DF22B61}.Remote|x64.ActiveCfg = Remote|x64
		{FCC7D039-E82A-60DE-91B0-98947DF22B61}.Remote|x64.Build.0 = Remote|x64
		{4DC9D039-392C-60DE-E2B1-9894CEF32B61}.Debug|Win32.ActiveCfg = Debug|Win32
		{4DC9D039-392C-60DE-E2B1-9894CEF32B61}.Debug|Win32.Build.0 = Debug|Win32
		{4DC9D039-392C-60DE-E2B1-9894CEF32B61}.Debug|x64.ActiveCfg = Debug|x64
		{4DC9D039-392C-60DE-E2B1-9894CEF32B61}.Debug|x64.Build.0 = Debug|x64
		{4DC9D039-392C-60DE-E2B1-9894CEF32B61}.Release|Win32.ActiveCfg = Release|Win32
		{4DC9D039-392C-60DE-E2B1-9894CEF32B61}.Release|Win32.Build.0 = Release|Win32
		{4DC9D039-392C-60DE-E2B1-9894CEF32B61}.Release|x64.ActiveCfg = Release|x64
		{4DC9D039-392C-60DE-E2B1-9894CEF32B61}.Release|x64.Build.0 = Release|x64
		{4DC9D039-392C-60DE-E2B1-9894CEF32B61}.Remote|Win32.ActiveCfg = Remote|Win32
		{4DC9D039-392C-60DE-E2B1-9894CEF32B61}.Remote|Win32.Build.0 = Remote|Win32
		{4DC9D039-392C-60DE-E2B1-9894CEF32B61}.Remote|x64.ActiveCfg = Remote|x64
		{4DC9D039-392C-60DE-E2B1-9894CEF32B61}.Remote|x64.Build.0 = Remote|x64
		{C205F1E5-AEFE-0F38-D730-F5BCC388EF43}.Debug|Win32.ActiveCfg = Debug|Win32
		{C205F1E5-AEFE-0F38-D730-F5BCC388EF43}.Debug|Win32.Build.0 = Debug|Win32
		{C205F1E5-AEFE-0F38-D730-F5BCC388EF43}.Debug|x64.ActiveCfg = Debug|x64
		{C205F1E5-AEFE-0F38-D730-F5BCC388EF43}.Debug|x64.Build.0 = Debug|x64
		{C205F1E5-AEFE-0F38-D730-F5BCC388EF43}.Release|Win32.ActiveCfg = Release|Win32
		{C205F1E5-AEFE-0F38-D730-F5BCC388EF43}.Release|Win32.Build.0 = Release|Win32
		{C205F1E5-AEFE-0F38-D730-F5BCC388EF43}.Release|x64.ActiveCfg = Release|x64
		{C205F1E5-AEFE-0F38-D730-F5BCC388EF43}.Release|x64.Build.0 = Release|x64
		{C205F1E5-AEFE-0F38-D730-F5BCC388EF43}.Remote|Win32.ActiveCfg = Remote|Win32
		{C205F1E5-AEFE-0F38-D730-F5BCC388EF43}.Remote|Win32.Build.0 = Remote|Win32
		{C205F1E5-AEFE-0F38-D730-F5BCC388EF43}.Remote|x64.ActiveCfg = Remote|x64
		{C205F1E5-AEFE-0F38-D730-F5BCC388EF43}.Remote|x64.Build.0 = Remote|x64
		{4FCAD039-3B2D-60DE-E4B2-9894D0F42B61}.Debug|Win32.ActiveCfg = Debug|Win32
		{4FCAD039-3B2D-60DE-E4B2-9894D0F42B61}.Debug|Win32.Build.0 = Debug|Win32
		{4FCAD039-3B2D-60DE-E4B2-9894D0F42B61}.Debug|x64.ActiveCfg = Debug|x64
		{4FCAD039-3B2D-60DE-E4B2-9894D0F42B61}.Debug|x64.Build.0 = Debug|x64
		{4FCAD039-3B2D-60DE-E4B2-9894D0F42B61}.Release|Win32.ActiveCfg = Release|Win32
		{4FCAD039-3B2D-60DE-E4B2-9894D0F42B61}.Release|Win32.Build.0 = Release|Win32
		{4FCAD039-3B2D-60DE-E4B2-9894D0F42B61}.Release|x64.ActiveCfg = Release|x64
		{4FCAD039-3B2D-60DE-E4B2-9894D0F42B61}.Release|x64.Build.0 = Release|x64
		{4FCAD039-3B2D-60DE-E4B2-9894D0F42B61}.Remote|Win32.ActiveCfg = Remote|Win32
		{4FCAD039-3B2D-60DE-E4B2-9894D0F42B61}.Remote|Win32.Build.0 = Remote|Win32
		{4FCAD039-3B2D-60DE-E4B2-9894D0F42B61}.Remote|x64.ActiveCfg = Remote|x64
		{4FCAD039-3B2D-60DE-E4B2-9894D0F42B61}.Remote|x64.Build.0 = Remote|x64
		{FC2CA1C9-6843-9F5F-B1BA-2A811D1070E7}.Debug|Win32.ActiveCfg = Debug|Win32
		{FC2CA1C9-6843-9F5F-B1BA-2A811D1070E7}.Debug|Win32.Build.0 = Debug|Win32
		{FC2CA1C9-6843-9F5F-B1BA-2A811D1070E7}.Debug|x64.ActiveCfg = Debug|x64
		{FC2CA1C9-6843-9F5F-B1BA-2A811D1070E7}.Debug|x64.Build.0 = Debug|x64
		{FC2CA1C9-6843-9F5F-B1BA-2A811D1070E7}.Release|Win32.ActiveCfg = Release|Win32
		{FC2CA1C9-6843-9F5F-B1BA-2A811D1070E7}.Release|Win32.Build.0 = Release|Win32
		{FC2CA1C9-6843-9F5F-B1BA-2A811D1070E7}.Release|x64.ActiveCfg = Release|x64
		{FC2CA1C9-6843-9F5F-B1BA-2A811D1070E7}.Release|x64.Build.0 = Release|x64
		{FC2CA1C9-6843-9F5F-B1BA-2A811D1070E7}.Remote|Win32.ActiveCfg = Remote|Win32
		{FC2CA1C9-6843-9F5F-B1BA-2A811D1070E7}.Remote|Win32.Build.0 = Remote|Win32
		{FC2CA1C9-6843-9F5F-B1BA-2A811D1070E7}.Remote|x64.ActiveCfg = Remote|x64
		{FC2CA1C9-6843-9F5F-B1BA-2A811D1070E7}.Remote|x64.Build.0 = Remote|x64
		{185FD6EE-0458-F540-2D8A-DAC519E2D44C}.Debug|Win32.ActiveCfg = Debug|Win32
		{185FD6EE-0458-F540-2D8A-DAC519E2D44C}.Debug|Win32.Build.0 = Debug|Win32
		{185FD6EE-0458-F540-2D8A-DAC519E2D44C}.Debug|x64.ActiveCfg = Debug|x64
		{185FD6EE-0458-F540-2D8A-DAC519E2D44C}.Debug|x64.Build.0 = Debug|x64
		{185FD6EE-0458-F540-2D8A-DAC519E2D44C}.Release|Win32.ActiveCfg = Release|Win32
		{185FD6EE-0458-F540-2D8A-DAC519E2D44C}.Release|Win32.Build.0 = Release|Win32
		{185FD6EE-0458-F540-2D8A-DAC519E2D44C}.Release|x64.ActiveCfg = Release|x64
		{185FD6EE-0458-F540-2D8A-DAC519E2D44C}.Release|x64.Build.0 = Release|x64
		{185FD6EE-0458-F540-2D8A-DAC519E2D44C}.Remote|Win32.ActiveCfg = Remote|Win32
		{185FD6EE-0458-F540-2D8A-DAC519E2D44C}.Remote|Win32.Build.0 = Remote|Win32
		{185FD6EE-0458-F540-2D8A-DAC519E2D44C}.Remote|x64.ActiveCfg = Remote|x64
		{185FD6EE-0458-F540-2D8A-DAC519E2D44C}.Remote|x64.Build.0 = Remote|x64
		{72AEC016-DE39-2EDB-E74A-B1CF53558ADB}.Debug|Win32.ActiveCfg = Debug|Win32
		{72AEC016-DE39-2EDB-E74A-B1CF53558ADB}.Debug|Win32.Build.0 = Debug|Win32
		{72AEC016-DE39-2EDB-E74A-B1CF53558ADB}.Debug|x64.ActiveCfg = Debug|x64
		{72AEC016-DE39-2EDB-E74A-B1CF53558ADB}.Debug|x64.Build.0 = Debug|x64
		{72AEC016-DE39-2EDB-E74A-B1CF53558ADB}.Release|Win32.ActiveCfg = Release|Win32
		{72AEC016-DE39-2EDB-E74A-B1CF53558ADB}.Release|Win32.Build.0 = Release|Win32
		{72AEC016-DE39-2EDB-E74A-B1CF53558ADB}.Release|x64.ActiveCfg = Release|x64
		{72AEC016-DE39-2EDB-E74A-B1CF53558ADB}.Release|x64.Build.0 = Release|x64
		{72AEC016-DE39-2EDB-E74A-B1CF53558ADB}.Remote|Win32.ActiveCfg = Remote|Win32
		{72AEC016-DE39-2EDB-E74A-B1CF53558ADB}.Remote|Win32.Build.0 = Remote|Win32
		{72AEC016-DE39-2EDB-E74A-B1CF53558ADB}.Remote|x64.ActiveCfg = Remote|x64
		{72AEC016-DE39-2EDB-E74A-B1CF53558ADB}.Remote|x64.Build.0 = Remote|x64
		{3044E8BC-9CA5-C5CA-2513-0C7D9173FC89}.Debug|Win32.ActiveCfg = Debug|Win32
		{3044E8BC-9CA5-C5CA-2513-0C7D9173FC89}.Debug|Win32.Build.0 = Debug|Win32
		{3044E8BC-9CA5-C5CA-2513-0C7D9173FC89}.Debug|x64.ActiveCfg = Debug|x64
		{3044E8BC-9CA5-C5CA-2513-0C7D9173FC89}.Debug|x64.Build.0 = Debug|x64
		{3044E8BC-9CA5-C5CA-2513-0C7D9173FC89}.Release|Win32.ActiveCfg = Release|Win32
		{3044E8BC-9CA5-C5CA-2513-0C7D9173FC89}.Release|Win32.Build.0 = Release|Win32
		{3044E8BC-9CA5-C5CA-2513-0C7D9173FC89}.Release|x64.ActiveCfg = Release|x64
		{3044E8BC-9CA5-C5CA-2513-0C7D9173FC89}.Release|x64.Build.0 = Release|x64
		{3044E8BC-9CA5-C5CA-2513-0C7D9173FC89}.Remote|Win32.ActiveCfg = Remote|Win32
		{3044E8BC-9CA5-C5CA-2513-0C7D9173FC89}.Remote|Win32.Build.0 = Remote|Win32
		{3044E8BC-9CA5-C5CA-2513-0C7D9173FC89}.Remote|x64.ActiveCfg = Remote|x64
		{3044E8BC-9CA5-C5CA-2513-0C7D9173FC89}.Remote|x64.Build.0 = Remote|x64
		{5865280E-C479-50BF-8DFB-F31EF9CE4CF0}.Debug|Win32.ActiveCfg = Debug|Win32
		{5865280E-C479-50BF-8DFB-F31EF9CE4CF0}.Debug|Win32.Build.0 = Debug|Win32
		{5865280E-C479-50BF-8DFB-F31EF9CE4CF0}.Debug|x64.ActiveCfg = Debug|x64
		{5865280E-C479-50BF-8DFB-F31EF9CE4CF0}.Debug|x64.Build.0 = Debug|x64
		{5865280E-C479-50BF-8DFB-F31EF9CE4CF0}.Release|Win32.ActiveCfg = Release|Win32
		{5865280E-C479-50BF-8DFB-F31EF9CE4CF0}.Release|Win32.Build.0 = Release|Win32
		{5865280E-C479-50BF-8DFB-F31EF9CE4CF0}.Release|x64.ActiveCfg = Release|x64
		{5865280E-C479-50BF-8DFB-F31EF9CE4CF0}.Release|x64.Build.0 = Release|x64
		{5865280E-C479-50BF-8DFB-F31EF9CE4CF0}.Remote|Win32.ActiveCfg = Remote|Win32
		{5865280E-C479-50BF-8DFB-F31EF9CE4CF0}.Remote|Win32.Build.0 = Remote|Win32
		{5865280E-C479-50BF-8DFB-F31EF9CE4CF0}.Remote|x64.ActiveCfg = Remote|x64
		{5865280E-C479-50BF-8DFB-F31EF9CE4CF0}.Remote|x64.Build.0 = Remote|x64
		{9CA77168-0868-ED9E-D1A2-361C3D22327B}.Debug|Win32.ActiveCfg = Debug|Win32
		{9CA77168-0868-ED9E-D1A2-361C3D22327B}.Debug|Win32.Build.0 = Debug|Win32
		{9CA77168-0868-ED9E-D1A2-361C3D22327B}.Debug|x64.ActiveCfg = Debug|x64
		{9CA77168-0868-ED9E-D1A2-361C3D22327B}.Debug|x64.Build.0 = Debug|x64
		{9CA77168-0868-ED9E-D1A2-361C3D22327B}.Release|Win32.ActiveCfg = Release|Win32
		{9CA77168-0868-ED9E-D1A2-361C3D22327B}.Release|Win32.Build.0 = Release|Win32
		{9CA77168-0868-ED9E-D1A2-361C3D22327B}.Release|x64.ActiveCfg = Release|x64
		{9CA77168-0868-ED9E-D1A2-361C3D22327B}.Release|x64.Build.0 = Release|x64
		{9CA77168-0868-ED9E-D1A2-361C3D22327B}.Remote|Win32.ActiveCfg = Remote|Win32
		{9CA77168-0868-ED9E-D1A2-361C3D22327B}.Remote|Win32.Build.0 = Remote|Win32
		{9CA77168-0868-ED9E-D1A2-361C3D22327B}.Remote|x64.ActiveCfg = Remote|x64
		{9CA77168-0868-ED9E-D1A2-361C3D22327B}.Remote|x64.Build.0 = Remote|x64
		{1AC964D4-867E-DDC9-0F73-D7A07B27D4CD}.Debug|Win32.ActiveCfg = Debug|Win32
		{1AC964D4-867E-DDC9-0F73-D7A07B27D4CD}.Debug|Win32.Build.0 = Debug|Win32
		{1AC964D4-867E-DDC9-0F73-D7A07B27D4CD}.Debug|x64.ActiveCfg = Debug|x64
		{1AC964D4-867E-DDC9-0F73-D7A07B27D4CD}.Debug|x64.Build.0 = Debug|x64
		{1AC964D4-867E-DDC9-0F73-D7A07B27D4CD}.Release|Win32.ActiveCfg = Release|Win32
		{1AC964D4-867E-DDC9-0F73-D7A07B27D4CD}.Release|Win32.Build.0 = Release|Win32
		{1AC964D4-867E-DDC9-0F73-D7A07B27D4CD}.Release|x64.ActiveCfg = Release|x64
		{1AC964D4-867E-DDC9-0F73-D7A07B27D4CD}.Release|x64.Build.0 = Release|x64
		{1AC964D4-867E-DDC9-0F73-D7A07B27D4CD}.Remote|Win32.ActiveCfg = Remote|Win32
		{1AC964D4-867E-DDC9-0F73-D7A07B27D4CD}.Remote|Win32.Build.0 = Remote|Win32
		{1AC964D4-867E-DDC9-0F73-D7A07B27D4CD}.Remote|x64.ActiveCfg = Remote|x64
		{1AC964D4-867E-DDC9-0F73-D7A07B27D4CD}.Remote|x64.Build.0 = Remote|x64
	EndGlobalSection
	GlobalSection(SolutionProperties) = preSolution
		HideSolutionNode = FALSE
	EndGlobalSection
EndGlobal
