<?xml version="1.0" encoding="utf-8"?>
<Project ToolsVersion="4.0" xmlns="http://schemas.microsoft.com/developer/msbuild/2003">
  <ItemGroup>
    <Filter Include="Exports">
      <UniqueIdentifier>{BA9346E3-2673-C57E-2F8B-50559BE92BE0}</UniqueIdentifier>
    </Filter>
    <Filter Include="Headers">
      <UniqueIdentifier>{C196CD9C-2D76-4C38-368E-D70EA2ECB299}</UniqueIdentifier>
    </Filter>
    <Filter Include="Resources">
      <UniqueIdentifier>{000BCD17-6C75-818E-B5B3-3234215D5FE3}</UniqueIdentifier>
    </Filter>
    <Filter Include="Sources">
      <UniqueIdentifier>{89565304-F535-D29F-FE4D-5D766AAC3801}</UniqueIdentifier>
    </Filter>
  </ItemGroup>
  <ItemGroup>
    <ClInclude Include="ConEmuTh\ConEmuTh.h">
      <Filter>Headers</Filter>
    </ClInclude>
    <ClInclude Include="ConEmuTh\ConEmuTh_Lang.h">
      <Filter>Headers</Filter>
    </ClInclude>
    <ClInclude Include="ConEmuTh\Display.h">
      <Filter>Headers</Filter>
    </ClInclude>
    <ClInclude Include="ConEmuTh\ImgCache.h">
      <Filter>Headers</Filter>
    </ClInclude>
    <ClInclude Include="ConEmuTh\QueueProcessor.h">
      <Filter>Headers</Filter>
    </ClInclude>
    <ClInclude Include="ConEmuTh\resource.h">
      <Filter>Headers</Filter>
    </ClInclude>
  </ItemGroup>
  <ItemGroup>
    <ClCompile Include="ConEmuTh\ConEmuTh.cpp">
      <Filter>Sources</Filter>
    </ClCompile>
    <ClCompile Include="ConEmuTh\ConEmuTh1900.cpp">
      <Filter>Sources</Filter>
    </ClCompile>
    <ClCompile Include="ConEmuTh\ConEmuTh2800.cpp">
      <Filter>Sources</Filter>
    </ClCompile>
    <ClCompile Include="ConEmuTh\ConEmuTh995.cpp">
      <Filter>Sources</Filter>
    </ClCompile>
    <ClCompile Include="ConEmuTh\ConEmuThA.cpp">
      <Filter>Sources</Filter>
    </ClCompile>
    <ClCompile Include="ConEmuTh\Display.cpp">
      <Filter>Sources</Filter>
    </ClCompile>
    <ClCompile Include="ConEmuTh\ImgCache.cpp">
      <Filter>Sources</Filter>
    </ClCompile>
  </ItemGroup>
  <ItemGroup>
    <None Include="ConEmuTh\Lang.templ">
      <Filter>Resources</Filter>
    </None>
    <None Include="ConEmuTh\export.def">
      <Filter>Exports</Filter>
    </None>
  </ItemGroup>
  <ItemGroup>
    <ResourceCompile Include="ConEmuTh\ConEmuTh.rc">
      <Filter>Resources</Filter>
    </ResourceCompile>
  </ItemGroup>
</Project>