<?xml version="1.0" encoding="utf-8"?>
<Project ToolsVersion="4.0" xmlns="http://schemas.microsoft.com/developer/msbuild/2003">
  <ItemGroup>
    <Filter Include="common">
      <UniqueIdentifier>{AEFEE3F6-9AA0-0ECD-835B-22216F9C951D}</UniqueIdentifier>
    </Filter>
    <Filter Include="modules">
      <UniqueIdentifier>{FEAC8BD4-6A8C-0A70-73A4-9546DF0271D1}</UniqueIdentifier>
    </Filter>
    <Filter Include="modules\googletest">
      <UniqueIdentifier>{CA63A526-B647-667C-1FA8-60CF0BAB50FE}</UniqueIdentifier>
    </Filter>
    <Filter Include="modules\googletest\googletest">
      <UniqueIdentifier>{16C36F5D-82DB-5687-4B88-E620B75FEB20}</UniqueIdentifier>
    </Filter>
    <Filter Include="modules\googletest\googletest\src">
      <UniqueIdentifier>{2D1C4347-998A-98C6-E273-53C64E218E62}</UniqueIdentifier>
    </Filter>
    <Filter Include="tests">
      <UniqueIdentifier>{78756B10-E489-93C1-AD0B-372119DF8FF2}</UniqueIdentifier>
    </Filter>
  </ItemGroup>
  <ItemGroup>
    <ClInclude Include="common\CEHandle.h">
      <Filter>common</Filter>
    </ClInclude>
    <ClInclude Include="common\CEStr.h">
      <Filter>common</Filter>
    </ClInclude>
    <ClInclude Include="common\CmdLine.h">
      <Filter>common</Filter>
    </ClInclude>
    <ClInclude Include="common\Common.h">
      <Filter>common</Filter>
    </ClInclude>
    <ClInclude Include="common\ConEmuCheck.h">
      <Filter>common</Filter>
    </ClInclude>
    <ClInclude Include="common\ConEmuCheckEx.h">
      <Filter>common</Filter>
    </ClInclude>
    <ClInclude Include="common\ConEmuColors.h">
      <Filter>common</Filter>
    </ClInclude>
    <ClInclude Include="common\ConEmuColors3.h">
      <Filter>common</Filter>
    </ClInclude>
    <ClInclude Include="common\ConEmuInOut.h">
      <Filter>common</Filter>
    </ClInclude>
    <ClInclude Include="common\ConEmuPipeMode.h">
      <Filter>common</Filter>
    </ClInclude>
    <ClInclude Include="common\ConsoleAnnotation.h">
      <Filter>common</Filter>
    </ClInclude>
    <ClInclude Include="common\ConsoleMixAttr.h">
      <Filter>common</Filter>
    </ClInclude>
    <ClInclude Include="common\ConsoleRead.h">
      <Filter>common</Filter>
    </ClInclude>
    <ClInclude Include="common\ConsoleTrueMod.h">
      <Filter>common</Filter>
    </ClInclude>
    <ClInclude Include="common\DbgHlpGcc.h">
      <Filter>common</Filter>
    </ClInclude>
    <ClInclude Include="common\DefTermBase.h">
      <Filter>common</Filter>
    </ClInclude>
    <ClInclude Include="common\Dump.h">
      <Filter>common</Filter>
    </ClInclude>
    <ClInclude Include="common\EmergencyShow.h">
      <Filter>common</Filter>
    </ClInclude>
    <ClInclude Include="common\EnvVar.h">
      <Filter>common</Filter>
    </ClInclude>
    <ClInclude Include="common\FarVersion.h">
      <Filter>common</Filter>
    </ClInclude>
    <ClInclude Include="common\GdiPlusLt.h">
      <Filter>common</Filter>
    </ClInclude>
    <ClInclude Include="common\HandleKeeper.h">
      <Filter>common</Filter>
    </ClInclude>
    <ClInclude Include="common\HkFunc.h">
      <Filter>common</Filter>
    </ClInclude>
    <ClInclude Include="common\InQueue.h">
      <Filter>common</Filter>
    </ClInclude>
    <ClInclude Include="common\Keyboard.h">
      <Filter>common</Filter>
    </ClInclude>
    <ClInclude Include="common\MArray.h">
      <Filter>common</Filter>
    </ClInclude>
    <ClInclude Include="common\MAssert.h">
      <Filter>common</Filter>
    </ClInclude>
    <ClInclude Include="common\MBSTR.h">
      <Filter>common</Filter>
    </ClInclude>
    <ClInclude Include="common\MCircular.h">
      <Filter>common</Filter>
    </ClInclude>
    <ClInclude Include="common\MConHandle.h">
      <Filter>common</Filter>
    </ClInclude>
    <ClInclude Include="common\MEvent.h">
      <Filter>common</Filter>
    </ClInclude>
    <ClInclude Include="common\MFileLog.h">
      <Filter>common</Filter>
    </ClInclude>
    <ClInclude Include="common\MFileLogEx.h">
      <Filter>common</Filter>
    </ClInclude>
    <ClInclude Include="common\MFileMapping.h">
      <Filter>common</Filter>
    </ClInclude>
    <ClInclude Include="common\MGlobal.h">
      <Filter>common</Filter>
    </ClInclude>
    <ClInclude Include="common\MGuiMacro.h">
      <Filter>common</Filter>
    </ClInclude>
    <ClInclude Include="common\MJsonReader.h">
      <Filter>common</Filter>
    </ClInclude>
    <ClInclude Include="common\MMap.h">
      <Filter>common</Filter>
    </ClInclude>
    <ClInclude Include="common\MModule.h">
      <Filter>common</Filter>
    </ClInclude>
    <ClInclude Include="common\MPerfCounter.h">
      <Filter>common</Filter>
    </ClInclude>
    <ClInclude Include="common\MPipe.h">
      <Filter>common</Filter>
    </ClInclude>
    <ClInclude Include="common\MProcess.h">
      <Filter>common</Filter>
    </ClInclude>
    <ClInclude Include="common\MProcessBits.h">
      <Filter>common</Filter>
    </ClInclude>
    <ClInclude Include="common\MRect.h">
      <Filter>common</Filter>
    </ClInclude>
    <ClInclude Include="common\MSection.h">
      <Filter>common</Filter>
    </ClInclude>
    <ClInclude Include="common\MSectionSimple.h">
      <Filter>common</Filter>
    </ClInclude>
    <ClInclude Include="common\MSecurity.h">
      <Filter>common</Filter>
    </ClInclude>
    <ClInclude Include="common\MSetter.h">
      <Filter>common</Filter>
    </ClInclude>
    <ClInclude Include="common\MStrDup.h">
      <Filter>common</Filter>
    </ClInclude>
    <ClInclude Include="common\MStrEsc.h">
      <Filter>common</Filter>
    </ClInclude>
    <ClInclude Include="common\MStrSafe.h">
      <Filter>common</Filter>
    </ClInclude>
    <ClInclude Include="common\MStream.h">
      <Filter>common</Filter>
    </ClInclude>
    <ClInclude Include="common\MTimer.h">
      <Filter>common</Filter>
    </ClInclude>
    <ClInclude Include="common\MToolHelp.h">
      <Filter>common</Filter>
    </ClInclude>
    <ClInclude Include="common\MToolTip.h">
      <Filter>common</Filter>
    </ClInclude>
    <ClInclude Include="common\MWow64Disable.h">
      <Filter>common</Filter>
    </ClInclude>
    <ClInclude Include="common\Memory.h">
      <Filter>common</Filter>
    </ClInclude>
    <ClInclude Include="common\Monitors.h">
      <Filter>common</Filter>
    </ClInclude>
    <ClInclude Include="common\PipeServer.h">
      <Filter>common</Filter>
    </ClInclude>
    <ClInclude Include="common\ProcessData.h">
      <Filter>common</Filter>
    </ClInclude>
    <ClInclude Include="common\ProcessSetEnv.h">
      <Filter>common</Filter>
    </ClInclude>
    <ClInclude Include="common\RConStartArgs.h">
      <Filter>common</Filter>
    </ClInclude>
    <ClInclude Include="common\RConStartArgsEx.h">
      <Filter>common</Filter>
    </ClInclude>
    <ClInclude Include="common\RgnDetect.h">
      <Filter>common</Filter>
    </ClInclude>
    <ClInclude Include="common\SetEnvVar.h">
      <Filter>common</Filter>
    </ClInclude>
    <ClInclude Include="common\SetExport.h">
      <Filter>common</Filter>
    </ClInclude>
    <ClInclude Include="common\StartupEnv.h">
      <Filter>common</Filter>
    </ClInclude>
    <ClInclude Include="common\StartupEnvDef.h">
      <Filter>common</Filter>
    </ClInclude>
    <ClInclude Include="common\StartupEnvEx.h">
      <Filter>common</Filter>
    </ClInclude>
    <ClInclude Include="common\TerminalMode.h">
      <Filter>common</Filter>
    </ClInclude>
    <ClInclude Include="common\TokenHelper.h">
      <Filter>common</Filter>
    </ClInclude>
    <ClInclude Include="common\UnicodeChars.h">
      <Filter>common</Filter>
    </ClInclude>
    <ClInclude Include="common\WCodePage.h">
      <Filter>common</Filter>
    </ClInclude>
    <ClInclude Include="common\WConsole.h">
      <Filter>common</Filter>
    </ClInclude>
    <ClInclude Include="common\WConsoleEx.h">
      <Filter>common</Filter>
    </ClInclude>
    <ClInclude Include="common\WConsoleInfo.h">
      <Filter>common</Filter>
    </ClInclude>
    <ClInclude Include="common\WErrGuard.h">
      <Filter>common</Filter>
    </ClInclude>
    <ClInclude Include="common\WFiles.h">
      <Filter>common</Filter>
    </ClInclude>
    <ClInclude Include="common\WModuleCheck.h">
      <Filter>common</Filter>
    </ClInclude>
    <ClInclude Include="common\WObjects.h">
      <Filter>common</Filter>
    </ClInclude>
    <ClInclude Include="common\WRegistry.h">
      <Filter>common</Filter>
    </ClInclude>
    <ClInclude Include="common\WSession.h">
      <Filter>common</Filter>
    </ClInclude>
    <ClInclude Include="common\WThreads.h">
      <Filter>common</Filter>
    </ClInclude>
    <ClInclude Include="common\WUser.h">
      <Filter>common</Filter>
    </ClInclude>
    <ClInclude Include="common\clink.h">
      <Filter>common</Filter>
    </ClInclude>
    <ClInclude Include="common\defines.h">
      <Filter>common</Filter>
    </ClInclude>
    <ClInclude Include="common\execute.h">
      <Filter>common</Filter>
    </ClInclude>
    <ClInclude Include="common\md5.h">
      <Filter>common</Filter>
    </ClInclude>
    <ClInclude Include="common\plugin_helper.h">
      <Filter>common</Filter>
    </ClInclude>
    <ClInclude Include="common\shlobj.h">
      <Filter>common</Filter>
    </ClInclude>
    <ClInclude Include="common\stdint_.h">
      <Filter>common</Filter>
    </ClInclude>
    <ClInclude Include="common\wcchars.h">
      <Filter>common</Filter>
    </ClInclude>
    <ClInclude Include="common\wcwidth.h">
      <Filter>common</Filter>
    </ClInclude>
    <ClInclude Include="common\xmllite.h">
      <Filter>common</Filter>
    </ClInclude>
  </ItemGroup>
  <ItemGroup>
    <ClCompile Include="ConEmu\Hotkeys_test.cpp">
      <Filter>tests</Filter>
    </ClCompile>
    <ClCompile Include="ConEmu\Macro_test.cpp">
      <Filter>tests</Filter>
    </ClCompile>
    <ClCompile Include="ConEmu\all_test.cpp">
      <Filter>tests</Filter>
    </ClCompile>
    <ClCompile Include="UnitTests\main_test.cpp">
      <Filter>tests</Filter>
    </ClCompile>
    <ClCompile Include="common\CEHandle.cpp">
      <Filter>common</Filter>
    </ClCompile>
    <ClCompile Include="common\CEStr.cpp">
      <Filter>common</Filter>
    </ClCompile>
    <ClCompile Include="common\CmdLine.cpp">
      <Filter>common</Filter>
    </ClCompile>
    <ClCompile Include="common\Common.cpp">
      <Filter>common</Filter>
    </ClCompile>
    <ClCompile Include="common\ConEmuCheck.cpp">
      <Filter>common</Filter>
    </ClCompile>
    <ClCompile Include="common\ConEmuCheckEx.cpp">
      <Filter>common</Filter>
    </ClCompile>
    <ClCompile Include="common\ConsoleMixAttr.cpp">
      <Filter>common</Filter>
    </ClCompile>
    <ClCompile Include="common\ConsoleRead.cpp">
      <Filter>common</Filter>
    </ClCompile>
    <ClCompile Include="common\EmergencyShow.cpp">
      <Filter>common</Filter>
    </ClCompile>
    <ClCompile Include="common\EnvVar.cpp">
      <Filter>common</Filter>
    </ClCompile>
    <ClCompile Include="common\HandleKeeper.cpp">
      <Filter>common</Filter>
    </ClCompile>
    <ClCompile Include="common\HkFunc.cpp">
      <Filter>common</Filter>
    </ClCompile>
    <ClCompile Include="common\InQueue.cpp">
      <Filter>common</Filter>
    </ClCompile>
    <ClCompile Include="common\Keyboard.cpp">
      <Filter>common</Filter>
    </ClCompile>
    <ClCompile Include="common\MAssert.cpp">
      <Filter>common</Filter>
    </ClCompile>
    <ClCompile Include="common\MBSTR.cpp">
      <Filter>common</Filter>
    </ClCompile>
    <ClCompile Include="common\MConHandle.cpp">
      <Filter>common</Filter>
    </ClCompile>
    <ClCompile Include="common\MEvent.cpp">
      <Filter>common</Filter>
    </ClCompile>
    <ClCompile Include="common\MFileLog.cpp">
      <Filter>common</Filter>
    </ClCompile>
    <ClCompile Include="common\MFileLogEx.cpp">
      <Filter>common</Filter>
    </ClCompile>
    <ClCompile Include="common\MGlobal.cpp">
      <Filter>common</Filter>
    </ClCompile>
    <ClCompile Include="common\MGuiMacro.cpp">
      <Filter>common</Filter>
    </ClCompile>
    <ClCompile Include="common\MJsonReader.cpp">
      <Filter>common</Filter>
    </ClCompile>
    <ClCompile Include="common\MModule.cpp">
      <Filter>common</Filter>
    </ClCompile>
    <ClCompile Include="common\MPerfCounter.cpp">
      <Filter>common</Filter>
    </ClCompile>
    <ClCompile Include="common\MProcess.cpp">
      <Filter>common</Filter>
    </ClCompile>
    <ClCompile Include="common\MProcessBits.cpp">
      <Filter>common</Filter>
    </ClCompile>
    <ClCompile Include="common\MRect.cpp">
      <Filter>common</Filter>
    </ClCompile>
    <ClCompile Include="common\MSection.cpp">
      <Filter>common</Filter>
    </ClCompile>
    <ClCompile Include="common\MSectionSimple.cpp">
      <Filter>common</Filter>
    </ClCompile>
    <ClCompile Include="common\MSecurity.cpp">
      <Filter>common</Filter>
    </ClCompile>
    <ClCompile Include="common\MSetter.cpp">
      <Filter>common</Filter>
    </ClCompile>
    <ClCompile Include="common\MStrDup.cpp">
      <Filter>common</Filter>
    </ClCompile>
    <ClCompile Include="common\MStrEsc.cpp">
      <Filter>common</Filter>
    </ClCompile>
    <ClCompile Include="common\MStrSafe.cpp">
      <Filter>common</Filter>
    </ClCompile>
    <ClCompile Include="common\MTimer.cpp">
      <Filter>common</Filter>
    </ClCompile>
    <ClCompile Include="common\MToolTip.cpp">
      <Filter>common</Filter>
    </ClCompile>
    <ClCompile Include="common\Memory.cpp">
      <Filter>common</Filter>
    </ClCompile>
    <ClCompile Include="common\Monitors.cpp">
      <Filter>common</Filter>
    </ClCompile>
    <ClCompile Include="common\ProcessSetEnv.cpp">
      <Filter>common</Filter>
    </ClCompile>
    <ClCompile Include="common\RConStartArgs.cpp">
      <Filter>common</Filter>
    </ClCompile>
    <ClCompile Include="common\RConStartArgsEx.cpp">
      <Filter>common</Filter>
    </ClCompile>
    <ClCompile Include="common\RgnDetect.cpp">
      <Filter>common</Filter>
    </ClCompile>
    <ClCompile Include="common\SetEnvVar.cpp">
      <Filter>common</Filter>
    </ClCompile>
    <ClCompile Include="common\WCodePage.cpp">
      <Filter>common</Filter>
    </ClCompile>
    <ClCompile Include="common\WConsole.cpp">
      <Filter>common</Filter>
    </ClCompile>
    <ClCompile Include="common\WConsoleEx.cpp">
      <Filter>common</Filter>
    </ClCompile>
    <ClCompile Include="common\WConsoleInfo.cpp">
      <Filter>common</Filter>
    </ClCompile>
    <ClCompile Include="common\WFiles.cpp">
      <Filter>common</Filter>
    </ClCompile>
    <ClCompile Include="common\WModuleCheck.cpp">
      <Filter>common</Filter>
    </ClCompile>
    <ClCompile Include="common\WObjects.cpp">
      <Filter>common</Filter>
    </ClCompile>
    <ClCompile Include="common\WRegistry.cpp">
      <Filter>common</Filter>
    </ClCompile>
    <ClCompile Include="common\WSession.cpp">
      <Filter>common</Filter>
    </ClCompile>
    <ClCompile Include="common\WThreads.cpp">
      <Filter>common</Filter>
    </ClCompile>
    <ClCompile Include="common\WUser.cpp">
      <Filter>common</Filter>
    </ClCompile>
    <ClCompile Include="common\execute.cpp">
      <Filter>common</Filter>
    </ClCompile>
    <ClCompile Include="common\md5.cpp">
      <Filter>common</Filter>
    </ClCompile>
    <ClCompile Include="common\wcchars.cpp">
      <Filter>common</Filter>
    </ClCompile>
    <ClCompile Include="common\wcwidth.cpp">
      <Filter>common</Filter>
    </ClCompile>
    <ClCompile Include="modules\googletest\googletest\src\gtest-all.cc">
      <Filter>modules\googletest\googletest\src</Filter>
    </ClCompile>
  </ItemGroup>
</Project>