<?xml version="1.0" encoding="utf-8"?>
<Project ToolsVersion="4.0" xmlns="http://schemas.microsoft.com/developer/msbuild/2003">
  <ItemGroup>
    <Filter Include="0 - Source Files">
      <UniqueIdentifier>{4FC737F1-C7A5-4376-A066-2A32D752A2FF}</UniqueIdentifier>
      <Extensions>cpp;c;cc;cxx;def;odl;idl;hpj;bat;asm;asmx</Extensions>
    </Filter>
    <Filter Include="Header Files">
      <UniqueIdentifier>{93995380-89BD-4b04-88EB-625FBE52EBFB}</UniqueIdentifier>
      <Extensions>h;hpp;hxx;hm;inl;inc;xsd</Extensions>
    </Filter>
    <Filter Include="Resource Files">
      <UniqueIdentifier>{67DA6AB6-F800-4c08-8B7A-83BB121AAD01}</UniqueIdentifier>
      <Extensions>rc;ico;cur;bmp;dlg;rc2;rct;bin;rgs;gif;jpg;jpeg;jpe;resx;tiff;tif;png;wav</Extensions>
    </Filter>
    <Filter Include="Far-Api">
      <UniqueIdentifier>{ba013af0-dc00-41dd-a7f2-eeb3023089d7}</UniqueIdentifier>
    </Filter>
  </ItemGroup>
  <ItemGroup>
    <ClCompile Include="..\common\Common.cpp">
      <Filter>0 - Source Files</Filter>
    </ClCompile>
    <ClCompile Include="ConEmuTh.cpp">
      <Filter>0 - Source Files</Filter>
    </ClCompile>
    <ClCompile Include="ConEmuTh1900.cpp">
      <Filter>0 - Source Files</Filter>
    </ClCompile>
    <ClCompile Include="ConEmuTh995.cpp">
      <Filter>0 - Source Files</Filter>
    </ClCompile>
    <ClCompile Include="ConEmuThA.cpp">
      <Filter>0 - Source Files</Filter>
    </ClCompile>
    <ClCompile Include="Display.cpp">
      <Filter>0 - Source Files</Filter>
    </ClCompile>
    <ClCompile Include="ImgCache.cpp">
      <Filter>0 - Source Files</Filter>
    </ClCompile>
    <ClCompile Include="..\common\MAssert.cpp">
      <Filter>0 - Source Files</Filter>
    </ClCompile>
    <ClCompile Include="..\common\Memory.cpp">
      <Filter>0 - Source Files</Filter>
    </ClCompile>
    <ClCompile Include="..\common\MSecurity.cpp">
      <Filter>0 - Source Files</Filter>
    </ClCompile>
    <ClCompile Include="..\common\MStrSafe.cpp">
      <Filter>0 - Source Files</Filter>
    </ClCompile>
    <ClCompile Include="..\common\RgnDetect.cpp">
      <Filter>0 - Source Files</Filter>
    </ClCompile>
    <ClCompile Include="..\common\WObjects.cpp">
      <Filter>0 - Source Files</Filter>
    </ClCompile>
    <ClCompile Include="ConEmuTh2800.cpp">
      <Filter>0 - Source Files</Filter>
    </ClCompile>
    <ClCompile Include="..\common\CmdLine.cpp">
      <Filter>0 - Source Files</Filter>
    </ClCompile>
    <ClCompile Include="..\common\ConEmuCheck.cpp">
      <Filter>0 - Source Files</Filter>
    </ClCompile>
    <ClCompile Include="..\common\MSection.cpp">
      <Filter>0 - Source Files</Filter>
    </ClCompile>
    <ClCompile Include="..\common\MSectionSimple.cpp">
      <Filter>0 - Source Files</Filter>
    </ClCompile>
    <ClCompile Include="..\common\WFiles.cpp">
      <Filter>0 - Source Files</Filter>
    </ClCompile>
    <ClCompile Include="..\common\WThreads.cpp">
      <Filter>0 - Source Files</Filter>
    </ClCompile>
    <ClCompile Include="..\common\WUser.cpp">
      <Filter>0 - Source Files</Filter>
    </ClCompile>
    <ClCompile Include="..\common\CEStr.cpp">
      <Filter>0 - Source Files</Filter>
    </ClCompile>
    <ClCompile Include="..\common\HkFunc.cpp">
      <Filter>0 - Source Files</Filter>
    </ClCompile>
    <ClCompile Include="..\common\MStrDup.cpp">
      <Filter>0 - Source Files</Filter>
    </ClCompile>
  </ItemGroup>
  <ItemGroup>
    <None Include="icon1.ico">
      <Filter>Resource Files</Filter>
    </None>
    <None Include="!ToDo.txt" />
  </ItemGroup>
  <ItemGroup>
    <ClInclude Include="ConEmuTh.h">
      <Filter>Header Files</Filter>
    </ClInclude>
    <ClInclude Include="ConEmuTh_Lang.h">
      <Filter>Header Files</Filter>
    </ClInclude>
    <ClInclude Include="Display.h">
      <Filter>Header Files</Filter>
    </ClInclude>
    <ClInclude Include="ImgCache.h">
      <Filter>Header Files</Filter>
    </ClInclude>
    <ClInclude Include="..\common\Memory.h">
      <Filter>Header Files</Filter>
    </ClInclude>
    <ClInclude Include="..\common\MSecurity.h">
      <Filter>Header Files</Filter>
    </ClInclude>
    <ClInclude Include="..\common\MStrSafe.h">
      <Filter>Header Files</Filter>
    </ClInclude>
    <ClInclude Include="QueueProcessor.h">
      <Filter>Header Files</Filter>
    </ClInclude>
    <ClInclude Include="resource.h">
      <Filter>Header Files</Filter>
    </ClInclude>
    <ClInclude Include="..\common\RgnDetect.h">
      <Filter>Header Files</Filter>
    </ClInclude>
    <ClInclude Include="Modules\ThumbSDK.h">
      <Filter>Header Files</Filter>
    </ClInclude>
    <ClInclude Include="..\common\WObjects.h">
      <Filter>Header Files</Filter>
    </ClInclude>
    <ClInclude Include="..\common\ConEmuColors.h">
      <Filter>Far-Api</Filter>
    </ClInclude>
    <ClInclude Include="..\common\ConEmuColors3.h">
      <Filter>Far-Api</Filter>
    </ClInclude>
    <ClInclude Include="..\common\plugin_helper.h">
      <Filter>Far-Api</Filter>
    </ClInclude>
    <ClInclude Include="..\common\pluginA.hpp">
      <Filter>Far-Api</Filter>
    </ClInclude>
    <ClInclude Include="..\common\pluginW1761.hpp">
      <Filter>Far-Api</Filter>
    </ClInclude>
    <ClInclude Include="..\common\pluginW1900.hpp">
      <Filter>Far-Api</Filter>
    </ClInclude>
    <ClInclude Include="..\common\CmdLine.h">
      <Filter>Header Files</Filter>
    </ClInclude>
    <ClInclude Include="..\common\ConEmuCheck.h">
      <Filter>Header Files</Filter>
    </ClInclude>
    <ClInclude Include="..\common\MSection.h">
      <Filter>Header Files</Filter>
    </ClInclude>
    <ClInclude Include="..\common\MSectionSimple.h">
      <Filter>Header Files</Filter>
    </ClInclude>
    <ClInclude Include="..\common\WFiles.h">
      <Filter>Header Files</Filter>
    </ClInclude>
    <ClInclude Include="..\common\WThreads.h">
      <Filter>Header Files</Filter>
    </ClInclude>
    <ClInclude Include="..\common\WUser.h">
      <Filter>Header Files</Filter>
    </ClInclude>
    <ClInclude Include="..\common\CEStr.h">
      <Filter>Header Files</Filter>
    </ClInclude>
    <ClInclude Include="..\common\Common.h">
      <Filter>Header Files</Filter>
    </ClInclude>
    <ClInclude Include="..\common\HkFunc.h">
      <Filter>Header Files</Filter>
    </ClInclude>
    <ClInclude Include="..\common\kl_parts.h">
      <Filter>Header Files</Filter>
    </ClInclude>
    <ClInclude Include="..\common\MStrDup.h">
      <Filter>Header Files</Filter>
    </ClInclude>
  </ItemGroup>
  <ItemGroup>
    <ResourceCompile Include="ConEmuTh.rc">
      <Filter>Resource Files</Filter>
    </ResourceCompile>
  </ItemGroup>
  <ItemGroup>
    <CustomBuild Include="export.def">
      <Filter>0 - Source Files</Filter>
    </CustomBuild>
    <CustomBuild Include="Lang.templ" />
  </ItemGroup>
</Project>