<?xml version="1.0" encoding="utf-8"?>
<Project ToolsVersion="4.0" xmlns="http://schemas.microsoft.com/developer/msbuild/2003">
  <ItemGroup>
    <Filter Include="Header Files">
      <UniqueIdentifier>{93995380-89BD-4b04-88EB-625FBE52EBFB}</UniqueIdentifier>
      <Extensions>h;hpp;hxx;hm;inl;inc;xsd</Extensions>
    </Filter>
    <Filter Include="Resource Files">
      <UniqueIdentifier>{67DA6AB6-F800-4c08-8B7A-83BB121AAD01}</UniqueIdentifier>
      <Extensions>rc;ico;cur;bmp;dlg;rc2;rct;bin;rgs;gif;jpg;jpeg;jpe;resx;tiff;tif;png;wav</Extensions>
    </Filter>
    <Filter Include="0 - Source Files">
      <UniqueIdentifier>{4FC737F1-C7A5-4376-A066-2A32D752A2FF}</UniqueIdentifier>
      <Extensions>cpp;c;cc;cxx;def;odl;idl;hpj;bat;asm;asmx</Extensions>
    </Filter>
    <Filter Include="MinHook">
      <UniqueIdentifier>{5cca7906-55d8-41e6-ac2b-bf72149511e7}</UniqueIdentifier>
    </Filter>
  </ItemGroup>
  <ItemGroup>
    <ClInclude Include="..\common\common.hpp">
      <Filter>Header Files</Filter>
    </ClInclude>
    <ClInclude Include="..\common\ConEmuCheck.h">
      <Filter>Header Files</Filter>
    </ClInclude>
    <ClInclude Include="ConEmuHooks.h">
      <Filter>Header Files</Filter>
    </ClInclude>
    <ClInclude Include="Console2.h">
      <Filter>Header Files</Filter>
    </ClInclude>
    <ClInclude Include="..\common\defines.h">
      <Filter>Header Files</Filter>
    </ClInclude>
    <ClInclude Include="..\common\Execute.h">
      <Filter>Header Files</Filter>
    </ClInclude>
    <ClInclude Include="GuiAttach.h">
      <Filter>Header Files</Filter>
    </ClInclude>
    <ClInclude Include="Injects.h">
      <Filter>Header Files</Filter>
    </ClInclude>
    <ClInclude Include="..\common\Memory.h">
      <Filter>Header Files</Filter>
    </ClInclude>
    <ClInclude Include="..\common\MSecurity.h">
      <Filter>Header Files</Filter>
    </ClInclude>
    <ClInclude Include="..\common\MStrSafe.h">
      <Filter>Header Files</Filter>
    </ClInclude>
    <ClInclude Include="..\common\PipeServer.h">
      <Filter>Header Files</Filter>
    </ClInclude>
    <ClInclude Include="RegHooks.h">
      <Filter>Header Files</Filter>
    </ClInclude>
    <ClInclude Include="resource.h">
      <Filter>Header Files</Filter>
    </ClInclude>
    <ClInclude Include="SetHook.h">
      <Filter>Header Files</Filter>
    </ClInclude>
    <ClInclude Include="ShellProcessor.h">
      <Filter>Header Files</Filter>
    </ClInclude>
    <ClInclude Include="..\common\WObjects.h">
      <Filter>Header Files</Filter>
    </ClInclude>
    <ClInclude Include="ExtConsole.h">
      <Filter>Header Files</Filter>
    </ClInclude>
    <ClInclude Include="..\common\InQueue.h">
      <Filter>Header Files</Filter>
    </ClInclude>
    <ClInclude Include="..\common\RConStartArgs.h">
      <Filter>Header Files</Filter>
    </ClInclude>
    <ClInclude Include="..\common\CmdArg.h">
      <Filter>Header Files</Filter>
    </ClInclude>
    <ClInclude Include="..\common\CmdLine.h">
      <Filter>Header Files</Filter>
    </ClInclude>
    <ClInclude Include="..\common\ConsoleMixAttr.h">
      <Filter>Header Files</Filter>
    </ClInclude>
    <ClInclude Include="..\common\ConsoleRead.h">
      <Filter>Header Files</Filter>
    </ClInclude>
    <ClInclude Include="..\common\DefTermBase.h">
      <Filter>Header Files</Filter>
    </ClInclude>
    <ClInclude Include="..\common\MConHandle.h">
      <Filter>Header Files</Filter>
    </ClInclude>
    <ClInclude Include="..\common\MSection.h">
      <Filter>Header Files</Filter>
    </ClInclude>
    <ClInclude Include="..\common\MSectionSimple.h">
      <Filter>Header Files</Filter>
    </ClInclude>
    <ClInclude Include="..\common\StartupEnv.h">
      <Filter>Header Files</Filter>
    </ClInclude>
    <ClInclude Include="..\common\StartupEnvDef.h">
      <Filter>Header Files</Filter>
    </ClInclude>
    <ClInclude Include="..\common\WConsole.h">
      <Filter>Header Files</Filter>
    </ClInclude>
    <ClInclude Include="..\common\WErrGuard.h">
      <Filter>Header Files</Filter>
    </ClInclude>
    <ClInclude Include="..\common\WThreads.h">
      <Filter>Header Files</Filter>
    </ClInclude>
    <ClInclude Include="..\ConEmuCD\ExitCodes.h">
      <Filter>Header Files</Filter>
    </ClInclude>
    <ClInclude Include="Ansi.h">
      <Filter>Header Files</Filter>
    </ClInclude>
    <ClInclude Include="MainThread.h">
      <Filter>Header Files</Filter>
    </ClInclude>
    <ClInclude Include="..\modules\minhook\include\MinHook.h">
      <Filter>MinHook</Filter>
    </ClInclude>
  </ItemGroup>
  <ItemGroup>
    <ResourceCompile Include="ConEmuHk.rc">
      <Filter>Resource Files</Filter>
    </ResourceCompile>
  </ItemGroup>
  <ItemGroup>
    <ClCompile Include="..\common\Common.cpp">
      <Filter>0 - Source Files</Filter>
    </ClCompile>
    <ClCompile Include="..\common\ConEmuCheck.cpp">
      <Filter>0 - Source Files</Filter>
    </ClCompile>
    <ClCompile Include="ConEmuHooks.cpp">
      <Filter>0 - Source Files</Filter>
    </ClCompile>
    <ClCompile Include="Entry.cpp">
      <Filter>0 - Source Files</Filter>
    </ClCompile>
    <ClCompile Include="..\common\Execute.cpp">
      <Filter>0 - Source Files</Filter>
    </ClCompile>
    <ClCompile Include="GuiAttach.cpp">
      <Filter>0 - Source Files</Filter>
    </ClCompile>
    <ClCompile Include="Injects.cpp">
      <Filter>0 - Source Files</Filter>
    </ClCompile>
    <ClCompile Include="..\common\MAssert.cpp">
      <Filter>0 - Source Files</Filter>
    </ClCompile>
    <ClCompile Include="..\common\Memory.cpp">
      <Filter>0 - Source Files</Filter>
    </ClCompile>
    <ClCompile Include="..\common\MSecurity.cpp">
      <Filter>0 - Source Files</Filter>
    </ClCompile>
    <ClCompile Include="..\common\MStrSafe.cpp">
      <Filter>0 - Source Files</Filter>
    </ClCompile>
    <ClCompile Include="RegHooks.cpp">
      <Filter>0 - Source Files</Filter>
    </ClCompile>
    <ClCompile Include="SetHook.cpp">
      <Filter>0 - Source Files</Filter>
    </ClCompile>
    <ClCompile Include="ShellProcessor.cpp">
      <Filter>0 - Source Files</Filter>
    </ClCompile>
    <ClCompile Include="..\common\WObjects.cpp">
      <Filter>0 - Source Files</Filter>
    </ClCompile>
    <ClCompile Include="Ansi.cpp">
      <Filter>0 - Source Files</Filter>
    </ClCompile>
    <ClCompile Include="ExtConsole.cpp">
      <Filter>0 - Source Files</Filter>
    </ClCompile>
    <ClCompile Include="..\common\InQueue.cpp">
      <Filter>0 - Source Files</Filter>
    </ClCompile>
    <ClCompile Include="..\common\RConStartArgs.cpp">
      <Filter>0 - Source Files</Filter>
    </ClCompile>
    <ClCompile Include="..\common\CmdArg.cpp">
      <Filter>0 - Source Files</Filter>
    </ClCompile>
    <ClCompile Include="..\common\CmdLine.cpp">
      <Filter>0 - Source Files</Filter>
    </ClCompile>
    <ClCompile Include="..\common\ConsoleMixAttr.cpp">
      <Filter>0 - Source Files</Filter>
    </ClCompile>
    <ClCompile Include="..\common\ConsoleRead.cpp">
      <Filter>0 - Source Files</Filter>
    </ClCompile>
    <ClCompile Include="..\common\MConHandle.cpp">
      <Filter>0 - Source Files</Filter>
    </ClCompile>
    <ClCompile Include="..\common\MSection.cpp">
      <Filter>0 - Source Files</Filter>
    </ClCompile>
    <ClCompile Include="..\common\MSectionSimple.cpp">
      <Filter>0 - Source Files</Filter>
    </ClCompile>
    <ClCompile Include="..\common\WConsole.cpp">
      <Filter>0 - Source Files</Filter>
    </ClCompile>
    <ClCompile Include="..\common\WThreads.cpp">
      <Filter>0 - Source Files</Filter>
    </ClCompile>
    <ClCompile Include="DefTermHk.cpp">
      <Filter>0 - Source Files</Filter>
    </ClCompile>
    <ClCompile Include="MainThread.cpp">
      <Filter>0 - Source Files</Filter>
    </ClCompile>
    <ClCompile Include="..\modules\minhook\src\buffer.c">
      <Filter>MinHook</Filter>
    </ClCompile>
    <ClCompile Include="hde.c">
      <Filter>MinHook</Filter>
    </ClCompile>
    <ClCompile Include="..\modules\minhook\src\hook.c">
      <Filter>MinHook</Filter>
    </ClCompile>
    <ClCompile Include="..\modules\minhook\src\trampoline.c">
      <Filter>MinHook</Filter>
    </ClCompile>
  </ItemGroup>
  <ItemGroup>
    <None Include="export.def">
      <Filter>0 - Source Files</Filter>
    </None>
    <None Include="!Todo.txt" />
    <None Include="..\modules\minhook\LICENSE.txt">
      <Filter>MinHook</Filter>
    </None>
  </ItemGroup>
</Project>